PODS:
  - ALCameraViewController (1.3.1)
  - KVNProgress (2.3.1)
  - R.swift (3.2.0):
    - R.swift.Library (~> 3.0.2)
  - R.swift.Library (3.0.2)
  - RxSwift (3.4.1)
  - SDWebImage (4.0.0):
    - SDWebImage/Core (= 4.0.0)
  - SDWebImage/Core (4.0.0)
  - SwiftyMarkdown (0.3.0)
  - Timepiece (0.5.0)
  - UIColor_Hex_Swift (3.0.2)

DEPENDENCIES:
  - ALCameraViewController (= 1.3.1)
  - KVNProgress (= 2.3.1)
  - R.swift (= 3.2.0)
  - RxSwift (= 3.4.1)
  - SDWebImage (= 4.0.0)
  - SwiftyMarkdown (= 0.3.0)
  - Timepiece (from `https://github.com/skofgar/Timepiece.git`, branch `swift3`)
  - UIColor_Hex_Swift (= 3.0.2)

EXTERNAL SOURCES:
  Timepiece:
    :branch: swift3
    :git: https://github.com/skofgar/Timepiece.git

CHECKOUT OPTIONS:
  Timepiece:
    :commit: 53f5bdf36b11885c029e058478273719f5e93ee9
    :git: https://github.com/skofgar/Timepiece.git

SPEC CHECKSUMS:
  ALCameraViewController: 29a34772007b98e23150bfe1772475a4a80a33ff
  KVNProgress: 8167b1f19e2758290c0b6143020ed9dcbb0477a1
  R.swift: 207a372a2b5977caef440c696a368009460641d1
  R.swift.Library: fbdec16c9802ad104fc1ba53415dc190e6ec5c73
  RxSwift: 656f8fbeca5bc372121a72d9ebdd3cd3bc0ffade
  SDWebImage: 76a6348bdc74eb5a55dd08a091ef298e56b55e41
  SwiftyMarkdown: 2b5537d852eae48bdb165a0e1ce479d393dcbd61
  Timepiece: c8360276f0aa935bfb0e53f8ed38abe41c93b5b4
  UIColor_Hex_Swift: 95f718452092a3efc8a827dffd2c04d3237be02d

PODFILE CHECKSUM: e0c430d9390f4ff27f55d84f8382d441387f971c

COCOAPODS: 1.2.0
