// !$*UTF8*$!
{
	archiveVersion = 1;
	classes = {
	};
	objectVersion = 46;
	objects = {

/* Begin PBXBuildFile section */
		1E8A15CA1DB9D4DE0052D9CC /* BaseUITableViewController.swift in Sources */ = {isa = PBXBuildFile; fileRef = 1E8A15C71DB9D4DE0052D9CC /* BaseUITableViewController.swift */; };
		213B89BF19F01A1E005D3749 /* CoreGraphics.framework in Frameworks */ = {isa = PBXBuildFile; fileRef = 213B89BE19F01A1E005D3749 /* CoreGraphics.framework */; };
		214F4FF21BFDC2CF0084BE32 /* Extensions.swift in Sources */ = {isa = PBXBuildFile; fileRef = 214F4FF11BFDC2CF0084BE32 /* Extensions.swift */; };
		218C64C01BA07DDE00EEEDF1 /* Localizable.strings in Resources */ = {isa = PBXBuildFile; fileRef = 218C64BD1BA07DDE00EEEDF1 /* Localizable.strings */; };
		21DB301519DD2289003A418D /* AppDelegate.swift in Sources */ = {isa = PBXBuildFile; fileRef = 21DB301419DD2289003A418D /* AppDelegate.swift */; };
		21DB301F19DD2289003A418D /* Images.xcassets in Resources */ = {isa = PBXBuildFile; fileRef = 21DB301E19DD2289003A418D /* Images.xcassets */; };
		21DB304919DD2D6D003A418D /* Colors.swift in Sources */ = {isa = PBXBuildFile; fileRef = 21DB304819DD2D6D003A418D /* Colors.swift */; };
		3ACC22A76AC547A5FBE86648 /* Pods_tests_boilerplateTests.framework in Frameworks */ = {isa = PBXBuildFile; fileRef = 6E6508EBFD6A0AA137716EE0 /* Pods_tests_boilerplateTests.framework */; };
		4138F58E1D13AAB800AC90CE /* Launch_Screen_Storyboard.storyboard in Resources */ = {isa = PBXBuildFile; fileRef = 4138F58C1D13AAB800AC90CE /* Launch_Screen_Storyboard.storyboard */; };
		921B35280BBF1E1CEC458555 /* Pods_boilerplate.framework in Frameworks */ = {isa = PBXBuildFile; fileRef = 8ED0ED44CAE4E4ABB2F5A26E /* Pods_boilerplate.framework */; };
		CFC9465E1D618F6F00EC44DC /* Constants.swift in Sources */ = {isa = PBXBuildFile; fileRef = CFC9465D1D618F6F00EC44DC /* Constants.swift */; };
		E73D7FF11CA3F6BC00A6FCF5 /* RxUIViewController.swift in Sources */ = {isa = PBXBuildFile; fileRef = E73D7FF01CA3F6BC00A6FCF5 /* RxUIViewController.swift */; };
		E73D7FF31CA3F76F00A6FCF5 /* RxUITableViewController.swift in Sources */ = {isa = PBXBuildFile; fileRef = E73D7FF21CA3F76F00A6FCF5 /* RxUITableViewController.swift */; };
		E74EF4471DACCD9E00671492 /* UserNotifications.framework in Frameworks */ = {isa = PBXBuildFile; fileRef = E74EF4461DACCD9E00671492 /* UserNotifications.framework */; };
		E75686071CBA5C90001B8B1D /* Assets.xcassets in Resources */ = {isa = PBXBuildFile; fileRef = E75686051CBA5C1F001B8B1D /* Assets.xcassets */; };
		E7697EEF1DEEACBA00682CF1 /* Main_Storyboard.storyboard in Resources */ = {isa = PBXBuildFile; fileRef = E7697EED1DEEACBA00682CF1 /* Main_Storyboard.storyboard */; };
		E79D34E11D4AD28C0014044B /* DateTimes.swift in Sources */ = {isa = PBXBuildFile; fileRef = E79D34E01D4AD28C0014044B /* DateTimes.swift */; };
		E79D34E31D4AD3F60014044B /* Configs.swift in Sources */ = {isa = PBXBuildFile; fileRef = E79D34E21D4AD3F60014044B /* Configs.swift */; };
		E79D34E51D4AD4370014044B /* Dimensions.swift in Sources */ = {isa = PBXBuildFile; fileRef = E79D34E41D4AD4370014044B /* Dimensions.swift */; };
		E79FBCB91EB82B8000BBC82F /* R.generated.swift in Sources */ = {isa = PBXBuildFile; fileRef = E79FBCB81EB82B8000BBC82F /* R.generated.swift */; };
/* End PBXBuildFile section */

/* Begin PBXContainerItemProxy section */
		E790DAFE1CA4DCF000ADD182 /* PBXContainerItemProxy */ = {
			isa = PBXContainerItemProxy;
			containerPortal = 21DB300719DD2289003A418D /* Project object */;
			proxyType = 1;
			remoteGlobalIDString = 21DB300E19DD2289003A418D;
			remoteInfo = boilerplate;
		};
/* End PBXContainerItemProxy section */

/* Begin PBXFileReference section */
		1E8A15C71DB9D4DE0052D9CC /* BaseUITableViewController.swift */ = {isa = PBXFileReference; fileEncoding = 4; lastKnownFileType = sourcecode.swift; path = BaseUITableViewController.swift; sourceTree = "<group>"; };
		213B89BE19F01A1E005D3749 /* CoreGraphics.framework */ = {isa = PBXFileReference; lastKnownFileType = wrapper.framework; name = CoreGraphics.framework; path = System/Library/Frameworks/CoreGraphics.framework; sourceTree = SDKROOT; };
		213B89C019F01A40005D3749 /* SpriteKit.framework */ = {isa = PBXFileReference; lastKnownFileType = wrapper.framework; name = SpriteKit.framework; path = System/Library/Frameworks/SpriteKit.framework; sourceTree = SDKROOT; };
		214F4FF11BFDC2CF0084BE32 /* Extensions.swift */ = {isa = PBXFileReference; fileEncoding = 4; lastKnownFileType = sourcecode.swift; path = Extensions.swift; sourceTree = "<group>"; };
		21513BBD19EBCBFA00EE6273 /* MediaPlayer.framework */ = {isa = PBXFileReference; lastKnownFileType = wrapper.framework; name = MediaPlayer.framework; path = System/Library/Frameworks/MediaPlayer.framework; sourceTree = SDKROOT; };
		218C64C21BA07E1F00EEEDF1 /* Base */ = {isa = PBXFileReference; lastKnownFileType = text.plist.strings; name = Base; path = Base.lproj/Localizable.strings; sourceTree = "<group>"; };
		21C9F2DF19E833300084D18D /* AVFoundation.framework */ = {isa = PBXFileReference; lastKnownFileType = wrapper.framework; name = AVFoundation.framework; path = System/Library/Frameworks/AVFoundation.framework; sourceTree = SDKROOT; };
		21DB300F19DD2289003A418D /* boilerplate.app */ = {isa = PBXFileReference; explicitFileType = wrapper.application; includeInIndex = 0; path = boilerplate.app; sourceTree = BUILT_PRODUCTS_DIR; };
		21DB301319DD2289003A418D /* Info.plist */ = {isa = PBXFileReference; lastKnownFileType = text.plist.xml; path = Info.plist; sourceTree = "<group>"; };
		21DB301419DD2289003A418D /* AppDelegate.swift */ = {isa = PBXFileReference; lastKnownFileType = sourcecode.swift; path = AppDelegate.swift; sourceTree = "<group>"; };
		21DB301E19DD2289003A418D /* Images.xcassets */ = {isa = PBXFileReference; lastKnownFileType = folder.assetcatalog; path = Images.xcassets; sourceTree = "<group>"; };
		21DB304819DD2D6D003A418D /* Colors.swift */ = {isa = PBXFileReference; fileEncoding = 4; lastKnownFileType = sourcecode.swift; path = Colors.swift; sourceTree = "<group>"; };
		236A46CC7159DD14F6B13E68 /* Pods-tests-boilerplateTests.debug.xcconfig */ = {isa = PBXFileReference; includeInIndex = 1; lastKnownFileType = text.xcconfig; name = "Pods-tests-boilerplateTests.debug.xcconfig"; path = "Pods/Target Support Files/Pods-tests-boilerplateTests/Pods-tests-boilerplateTests.debug.xcconfig"; sourceTree = "<group>"; };
		2D7DF5B2824A0038CC2373D7 /* Pods-tests-boilerplateTests.appstore.xcconfig */ = {isa = PBXFileReference; includeInIndex = 1; lastKnownFileType = text.xcconfig; name = "Pods-tests-boilerplateTests.appstore.xcconfig"; path = "Pods/Target Support Files/Pods-tests-boilerplateTests/Pods-tests-boilerplateTests.appstore.xcconfig"; sourceTree = "<group>"; };
		384AF887912BA2AA22794839 /* Pods-tests-boilerplateTests.test staging.xcconfig */ = {isa = PBXFileReference; includeInIndex = 1; lastKnownFileType = text.xcconfig; name = "Pods-tests-boilerplateTests.test staging.xcconfig"; path = "Pods/Target Support Files/Pods-tests-boilerplateTests/Pods-tests-boilerplateTests.test staging.xcconfig"; sourceTree = "<group>"; };
		4138F58D1D13AAB800AC90CE /* Base */ = {isa = PBXFileReference; lastKnownFileType = file.storyboard; name = Base; path = Base.lproj/Launch_Screen_Storyboard.storyboard; sourceTree = "<group>"; };
		4199ACDC1CFEC4E800F2F3A5 /* MapKit.framework */ = {isa = PBXFileReference; lastKnownFileType = wrapper.framework; name = MapKit.framework; path = System/Library/Frameworks/MapKit.framework; sourceTree = SDKROOT; };
		44A59F42585142DD550DE92A /* Pods-boilerplate.appstore debug.xcconfig */ = {isa = PBXFileReference; includeInIndex = 1; lastKnownFileType = text.xcconfig; name = "Pods-boilerplate.appstore debug.xcconfig"; path = "Pods/Target Support Files/Pods-boilerplate/Pods-boilerplate.appstore debug.xcconfig"; sourceTree = "<group>"; };
		491D4DBB276156F3FF8BD736 /* Pods-tests-boilerplateTests.release.xcconfig */ = {isa = PBXFileReference; includeInIndex = 1; lastKnownFileType = text.xcconfig; name = "Pods-tests-boilerplateTests.release.xcconfig"; path = "Pods/Target Support Files/Pods-tests-boilerplateTests/Pods-tests-boilerplateTests.release.xcconfig"; sourceTree = "<group>"; };
		53DE3351265AE2CD263A7A0D /* Pods-boilerplate.test staging.xcconfig */ = {isa = PBXFileReference; includeInIndex = 1; lastKnownFileType = text.xcconfig; name = "Pods-boilerplate.test staging.xcconfig"; path = "Pods/Target Support Files/Pods-boilerplate/Pods-boilerplate.test staging.xcconfig"; sourceTree = "<group>"; };
		5B646AA76FA885890CB3912E /* Pods-boilerplate.debug.xcconfig */ = {isa = PBXFileReference; includeInIndex = 1; lastKnownFileType = text.xcconfig; name = "Pods-boilerplate.debug.xcconfig"; path = "Pods/Target Support Files/Pods-boilerplate/Pods-boilerplate.debug.xcconfig"; sourceTree = "<group>"; };
		5CB88EEB0E539DA17175156F /* Pods-boilerplate.test.xcconfig */ = {isa = PBXFileReference; includeInIndex = 1; lastKnownFileType = text.xcconfig; name = "Pods-boilerplate.test.xcconfig"; path = "Pods/Target Support Files/Pods-boilerplate/Pods-boilerplate.test.xcconfig"; sourceTree = "<group>"; };
		6E6508EBFD6A0AA137716EE0 /* Pods_tests_boilerplateTests.framework */ = {isa = PBXFileReference; explicitFileType = wrapper.framework; includeInIndex = 0; path = Pods_tests_boilerplateTests.framework; sourceTree = BUILT_PRODUCTS_DIR; };
		7265E86CE01EF7DA557D0DE4 /* Pods-boilerplate.appstore.xcconfig */ = {isa = PBXFileReference; includeInIndex = 1; lastKnownFileType = text.xcconfig; name = "Pods-boilerplate.appstore.xcconfig"; path = "Pods/Target Support Files/Pods-boilerplate/Pods-boilerplate.appstore.xcconfig"; sourceTree = "<group>"; };
		85E6DC13F0D5AF487B6A55D4 /* Pods-boilerplate.release staging.xcconfig */ = {isa = PBXFileReference; includeInIndex = 1; lastKnownFileType = text.xcconfig; name = "Pods-boilerplate.release staging.xcconfig"; path = "Pods/Target Support Files/Pods-boilerplate/Pods-boilerplate.release staging.xcconfig"; sourceTree = "<group>"; };
		8DD45DD4F1B72ED1A77ABD45 /* Pods-boilerplate.debug staging.xcconfig */ = {isa = PBXFileReference; includeInIndex = 1; lastKnownFileType = text.xcconfig; name = "Pods-boilerplate.debug staging.xcconfig"; path = "Pods/Target Support Files/Pods-boilerplate/Pods-boilerplate.debug staging.xcconfig"; sourceTree = "<group>"; };
		8EA8F7BECCF63C3C09B963F2 /* Pods-tests-boilerplateTests.appstore debug.xcconfig */ = {isa = PBXFileReference; includeInIndex = 1; lastKnownFileType = text.xcconfig; name = "Pods-tests-boilerplateTests.appstore debug.xcconfig"; path = "Pods/Target Support Files/Pods-tests-boilerplateTests/Pods-tests-boilerplateTests.appstore debug.xcconfig"; sourceTree = "<group>"; };
		8ED0ED44CAE4E4ABB2F5A26E /* Pods_boilerplate.framework */ = {isa = PBXFileReference; explicitFileType = wrapper.framework; includeInIndex = 0; path = Pods_boilerplate.framework; sourceTree = BUILT_PRODUCTS_DIR; };
		9450EFF71DCF6E0ACF726B4A /* Pods-tests-boilerplateTests.release staging.xcconfig */ = {isa = PBXFileReference; includeInIndex = 1; lastKnownFileType = text.xcconfig; name = "Pods-tests-boilerplateTests.release staging.xcconfig"; path = "Pods/Target Support Files/Pods-tests-boilerplateTests/Pods-tests-boilerplateTests.release staging.xcconfig"; sourceTree = "<group>"; };
		9637BC021DB4BB860047D28A /* CoreData.framework */ = {isa = PBXFileReference; lastKnownFileType = wrapper.framework; name = CoreData.framework; path = System/Library/Frameworks/CoreData.framework; sourceTree = SDKROOT; };
		A59E557A15A2D6776685200B /* Pods-tests-boilerplateTests.test.xcconfig */ = {isa = PBXFileReference; includeInIndex = 1; lastKnownFileType = text.xcconfig; name = "Pods-tests-boilerplateTests.test.xcconfig"; path = "Pods/Target Support Files/Pods-tests-boilerplateTests/Pods-tests-boilerplateTests.test.xcconfig"; sourceTree = "<group>"; };
		A5CB9A0359B3EF9EF4AB10CD /* Pods-tests-boilerplateTests.debug staging.xcconfig */ = {isa = PBXFileReference; includeInIndex = 1; lastKnownFileType = text.xcconfig; name = "Pods-tests-boilerplateTests.debug staging.xcconfig"; path = "Pods/Target Support Files/Pods-tests-boilerplateTests/Pods-tests-boilerplateTests.debug staging.xcconfig"; sourceTree = "<group>"; };
		CAC1656D11EFC77B693E53C7 /* Pods.framework */ = {isa = PBXFileReference; explicitFileType = wrapper.framework; includeInIndex = 0; path = Pods.framework; sourceTree = BUILT_PRODUCTS_DIR; };
		CFC9465D1D618F6F00EC44DC /* Constants.swift */ = {isa = PBXFileReference; fileEncoding = 4; lastKnownFileType = sourcecode.swift; path = Constants.swift; sourceTree = "<group>"; };
		D601E39E4C2832250C0A0FDF /* Pods-boilerplate.release.xcconfig */ = {isa = PBXFileReference; includeInIndex = 1; lastKnownFileType = text.xcconfig; name = "Pods-boilerplate.release.xcconfig"; path = "Pods/Target Support Files/Pods-boilerplate/Pods-boilerplate.release.xcconfig"; sourceTree = "<group>"; };
		E73D7FF01CA3F6BC00A6FCF5 /* RxUIViewController.swift */ = {isa = PBXFileReference; fileEncoding = 4; lastKnownFileType = sourcecode.swift; path = RxUIViewController.swift; sourceTree = "<group>"; };
		E73D7FF21CA3F76F00A6FCF5 /* RxUITableViewController.swift */ = {isa = PBXFileReference; fileEncoding = 4; lastKnownFileType = sourcecode.swift; path = RxUITableViewController.swift; sourceTree = "<group>"; };
		E74559851CEAEE2B00862F21 /* BridgeHeader.h */ = {isa = PBXFileReference; lastKnownFileType = sourcecode.c.h; path = BridgeHeader.h; sourceTree = "<group>"; };
		E74EF4461DACCD9E00671492 /* UserNotifications.framework */ = {isa = PBXFileReference; lastKnownFileType = wrapper.framework; name = UserNotifications.framework; path = System/Library/Frameworks/UserNotifications.framework; sourceTree = SDKROOT; };
		E75686051CBA5C1F001B8B1D /* Assets.xcassets */ = {isa = PBXFileReference; lastKnownFileType = folder.assetcatalog; path = Assets.xcassets; sourceTree = "<group>"; };
		E7697EEE1DEEACBA00682CF1 /* Base */ = {isa = PBXFileReference; lastKnownFileType = file.storyboard; name = Base; path = Base.lproj/Main_Storyboard.storyboard; sourceTree = "<group>"; };
		E790DAF91CA4DCEF00ADD182 /* boilerplate.xctest */ = {isa = PBXFileReference; explicitFileType = wrapper.cfbundle; includeInIndex = 0; path = boilerplate.xctest; sourceTree = BUILT_PRODUCTS_DIR; };
		E79D34E01D4AD28C0014044B /* DateTimes.swift */ = {isa = PBXFileReference; fileEncoding = 4; lastKnownFileType = sourcecode.swift; path = DateTimes.swift; sourceTree = "<group>"; };
		E79D34E21D4AD3F60014044B /* Configs.swift */ = {isa = PBXFileReference; fileEncoding = 4; lastKnownFileType = sourcecode.swift; path = Configs.swift; sourceTree = "<group>"; };
		E79D34E41D4AD4370014044B /* Dimensions.swift */ = {isa = PBXFileReference; fileEncoding = 4; lastKnownFileType = sourcecode.swift; path = Dimensions.swift; sourceTree = "<group>"; };
		E79FBCB81EB82B8000BBC82F /* R.generated.swift */ = {isa = PBXFileReference; fileEncoding = 4; lastKnownFileType = sourcecode.swift; path = R.generated.swift; sourceTree = SOURCE_ROOT; };
		E7E4BEE81CA27E73001EE5A2 /* Info.plist */ = {isa = PBXFileReference; lastKnownFileType = text.plist.xml; path = Info.plist; sourceTree = "<group>"; };
/* End PBXFileReference section */

/* Begin PBXFrameworksBuildPhase section */
		21DB300C19DD2289003A418D /* Frameworks */ = {
			isa = PBXFrameworksBuildPhase;
			buildActionMask = 2147483647;
			files = (
				E74EF4471DACCD9E00671492 /* UserNotifications.framework in Frameworks */,
				213B89BF19F01A1E005D3749 /* CoreGraphics.framework in Frameworks */,
				921B35280BBF1E1CEC458555 /* Pods_boilerplate.framework in Frameworks */,
			);
			runOnlyForDeploymentPostprocessing = 0;
		};
		E790DAF61CA4DCEF00ADD182 /* Frameworks */ = {
			isa = PBXFrameworksBuildPhase;
			buildActionMask = 2147483647;
			files = (
				3ACC22A76AC547A5FBE86648 /* Pods_tests_boilerplateTests.framework in Frameworks */,
			);
			runOnlyForDeploymentPostprocessing = 0;
		};
/* End PBXFrameworksBuildPhase section */

/* Begin PBXGroup section */
		196D6E161BAB0736000B7997 /* Helpers */ = {
			isa = PBXGroup;
			children = (
				214F4FF11BFDC2CF0084BE32 /* Extensions.swift */,
				E79D34E01D4AD28C0014044B /* DateTimes.swift */,
			);
			name = Helpers;
			sourceTree = "<group>";
		};
		218C64BC1BA07DDE00EEEDF1 /* Localization */ = {
			isa = PBXGroup;
			children = (
				218C64BD1BA07DDE00EEEDF1 /* Localizable.strings */,
			);
			path = Localization;
			sourceTree = "<group>";
		};
		21DB300619DD2289003A418D = {
			isa = PBXGroup;
			children = (
				21DB301119DD2289003A418D /* boilerplate */,
				21DB301019DD2289003A418D /* Products */,
				5C5B41AD2B6E0DFDD4D53E6B /* Frameworks */,
				7F13C24498A06A4E17CA8F4B /* Pods */,
			);
			sourceTree = "<group>";
		};
		21DB301019DD2289003A418D /* Products */ = {
			isa = PBXGroup;
			children = (
				21DB300F19DD2289003A418D /* boilerplate.app */,
				E790DAF91CA4DCEF00ADD182 /* boilerplate.xctest */,
			);
			name = Products;
			sourceTree = "<group>";
		};
		21DB301119DD2289003A418D /* boilerplate */ = {
			isa = PBXGroup;
			children = (
				E79FBCB81EB82B8000BBC82F /* R.generated.swift */,
				21DB301419DD2289003A418D /* AppDelegate.swift */,
				4138F58C1D13AAB800AC90CE /* Launch_Screen_Storyboard.storyboard */,
				E7697EED1DEEACBA00682CF1 /* Main_Storyboard.storyboard */,
				21DB301E19DD2289003A418D /* Images.xcassets */,
				E75686051CBA5C1F001B8B1D /* Assets.xcassets */,
				E79D34E61D4AD4900014044B /* Resources */,
				196D6E161BAB0736000B7997 /* Helpers */,
				E731DC7A1A1CF1B700E12CBA /* Models */,
				E731DC711A1CB30C00E12CBA /* Views */,
				E736C5A41A252B1500B8986E /* Controllers */,
				21DB301219DD2289003A418D /* Supporting Files */,
				E7E4BEE51CA27E73001EE5A2 /* boilerplateTests */,
			);
			path = boilerplate;
			sourceTree = "<group>";
		};
		21DB301219DD2289003A418D /* Supporting Files */ = {
			isa = PBXGroup;
			children = (
				218C64BC1BA07DDE00EEEDF1 /* Localization */,
				21DB301319DD2289003A418D /* Info.plist */,
				E74559851CEAEE2B00862F21 /* BridgeHeader.h */,
			);
			name = "Supporting Files";
			sourceTree = "<group>";
		};
		5C5B41AD2B6E0DFDD4D53E6B /* Frameworks */ = {
			isa = PBXGroup;
			children = (
				9637BC021DB4BB860047D28A /* CoreData.framework */,
				E74EF4461DACCD9E00671492 /* UserNotifications.framework */,
				4199ACDC1CFEC4E800F2F3A5 /* MapKit.framework */,
				213B89C019F01A40005D3749 /* SpriteKit.framework */,
				213B89BE19F01A1E005D3749 /* CoreGraphics.framework */,
				21513BBD19EBCBFA00EE6273 /* MediaPlayer.framework */,
				21C9F2DF19E833300084D18D /* AVFoundation.framework */,
				CAC1656D11EFC77B693E53C7 /* Pods.framework */,
				8ED0ED44CAE4E4ABB2F5A26E /* Pods_boilerplate.framework */,
				6E6508EBFD6A0AA137716EE0 /* Pods_tests_boilerplateTests.framework */,
			);
			name = Frameworks;
			sourceTree = "<group>";
		};
		7F13C24498A06A4E17CA8F4B /* Pods */ = {
			isa = PBXGroup;
			children = (
				5B646AA76FA885890CB3912E /* Pods-boilerplate.debug.xcconfig */,
				44A59F42585142DD550DE92A /* Pods-boilerplate.appstore debug.xcconfig */,
				8DD45DD4F1B72ED1A77ABD45 /* Pods-boilerplate.debug staging.xcconfig */,
				D601E39E4C2832250C0A0FDF /* Pods-boilerplate.release.xcconfig */,
				5CB88EEB0E539DA17175156F /* Pods-boilerplate.test.xcconfig */,
				7265E86CE01EF7DA557D0DE4 /* Pods-boilerplate.appstore.xcconfig */,
				85E6DC13F0D5AF487B6A55D4 /* Pods-boilerplate.release staging.xcconfig */,
				53DE3351265AE2CD263A7A0D /* Pods-boilerplate.test staging.xcconfig */,
				236A46CC7159DD14F6B13E68 /* Pods-tests-boilerplateTests.debug.xcconfig */,
				8EA8F7BECCF63C3C09B963F2 /* Pods-tests-boilerplateTests.appstore debug.xcconfig */,
				A5CB9A0359B3EF9EF4AB10CD /* Pods-tests-boilerplateTests.debug staging.xcconfig */,
				491D4DBB276156F3FF8BD736 /* Pods-tests-boilerplateTests.release.xcconfig */,
				A59E557A15A2D6776685200B /* Pods-tests-boilerplateTests.test.xcconfig */,
				2D7DF5B2824A0038CC2373D7 /* Pods-tests-boilerplateTests.appstore.xcconfig */,
				9450EFF71DCF6E0ACF726B4A /* Pods-tests-boilerplateTests.release staging.xcconfig */,
				384AF887912BA2AA22794839 /* Pods-tests-boilerplateTests.test staging.xcconfig */,
			);
			name = Pods;
			sourceTree = "<group>";
		};
		E731DC711A1CB30C00E12CBA /* Views */ = {
			isa = PBXGroup;
			children = (
			);
			name = Views;
			sourceTree = "<group>";
		};
		E731DC7A1A1CF1B700E12CBA /* Models */ = {
			isa = PBXGroup;
			children = (
			);
			path = Models;
			sourceTree = "<group>";
		};
		E736C5A41A252B1500B8986E /* Controllers */ = {
			isa = PBXGroup;
			children = (
				E7511FD71CD72E500021D6EC /* Base */,
			);
			name = Controllers;
			sourceTree = "<group>";
		};
		E7511FD71CD72E500021D6EC /* Base */ = {
			isa = PBXGroup;
			children = (
				1E8A15C71DB9D4DE0052D9CC /* BaseUITableViewController.swift */,
				E73D7FF01CA3F6BC00A6FCF5 /* RxUIViewController.swift */,
				E73D7FF21CA3F76F00A6FCF5 /* RxUITableViewController.swift */,
			);
			name = Base;
			sourceTree = "<group>";
		};
		E79D34E61D4AD4900014044B /* Resources */ = {
			isa = PBXGroup;
			children = (
				21DB304819DD2D6D003A418D /* Colors.swift */,
				E79D34E21D4AD3F60014044B /* Configs.swift */,
				E79D34E41D4AD4370014044B /* Dimensions.swift */,
				CFC9465D1D618F6F00EC44DC /* Constants.swift */,
			);
			name = Resources;
			sourceTree = "<group>";
		};
		E7E4BEE51CA27E73001EE5A2 /* boilerplateTests */ = {
			isa = PBXGroup;
			children = (
				E7E4BEE81CA27E73001EE5A2 /* Info.plist */,
			);
			path = boilerplateTests;
			sourceTree = SOURCE_ROOT;
		};
/* End PBXGroup section */

/* Begin PBXNativeTarget section */
		21DB300E19DD2289003A418D /* boilerplate */ = {
			isa = PBXNativeTarget;
			buildConfigurationList = 21DB303119DD2289003A418D /* Build configuration list for PBXNativeTarget "boilerplate" */;
			buildPhases = (
				7DE18946708CF436129E2B2B /* [CP] Check Pods Manifest.lock */,
				E79FBCB71EB82AA900BBC82F /* R Generation */,
				21DB300B19DD2289003A418D /* Sources */,
				21DB300C19DD2289003A418D /* Frameworks */,
				21DB300D19DD2289003A418D /* Resources */,
				21B3D19F19E6E2B700EF0D52 /* ShellScript */,
				B2FA53344FEC03194881028F /* [CP] Embed Pods Frameworks */,
				DC9766BD57F0D78594F9F379 /* [CP] Copy Pods Resources */,
				E775F01D1CCB287400B68A43 /* Git Build Number */,
			);
			buildRules = (
			);
			dependencies = (
			);
			name = boilerplate;
			productName = "Swift-Base";
			productReference = 21DB300F19DD2289003A418D /* boilerplate.app */;
			productType = "com.apple.product-type.application";
		};
		E790DAF81CA4DCEF00ADD182 /* boilerplateTests */ = {
			isa = PBXNativeTarget;
			buildConfigurationList = E790DB081CA4DCF000ADD182 /* Build configuration list for PBXNativeTarget "boilerplateTests" */;
			buildPhases = (
				0A65EE46137AD00D4A42F4AE /* [CP] Check Pods Manifest.lock */,
				E790DAF51CA4DCEF00ADD182 /* Sources */,
				E790DAF61CA4DCEF00ADD182 /* Frameworks */,
				E790DAF71CA4DCEF00ADD182 /* Resources */,
				2158F1DBF1ABE77EA84D665A /* [CP] Embed Pods Frameworks */,
				E2F8E957981730601712C521 /* [CP] Copy Pods Resources */,
			);
			buildRules = (
			);
			dependencies = (
				E790DAFF1CA4DCF000ADD182 /* PBXTargetDependency */,
			);
			name = boilerplateTests;
			productName = DrugMasterTests;
			productReference = E790DAF91CA4DCEF00ADD182 /* boilerplate.xctest */;
			productType = "com.apple.product-type.bundle.unit-test";
		};
/* End PBXNativeTarget section */

/* Begin PBXProject section */
		21DB300719DD2289003A418D /* Project object */ = {
			isa = PBXProject;
			attributes = {
				LastSwiftMigration = 0700;
				LastSwiftUpdateCheck = 0730;
				LastTestingUpgradeCheck = 0700;
				LastUpgradeCheck = 0810;
				ORGANIZATIONNAME = Flatstack;
				TargetAttributes = {
					21DB300E19DD2289003A418D = {
						CreatedOnToolsVersion = 6.0.1;
						LastSwiftMigration = 0800;
						ProvisioningStyle = Automatic;
						SystemCapabilities = {
							com.apple.BackgroundModes = {
								enabled = 0;
							};
							com.apple.HealthKit = {
								enabled = 0;
							};
							com.apple.Maps.iOS = {
								enabled = 0;
							};
							com.apple.Push = {
								enabled = 0;
							};
							com.apple.SafariKeychain = {
								enabled = 0;
							};
						};
					};
					E790DAF81CA4DCEF00ADD182 = {
						CreatedOnToolsVersion = 7.3;
						LastSwiftMigration = 0800;
						TestTargetID = 21DB300E19DD2289003A418D;
					};
				};
			};
			buildConfigurationList = 21DB300A19DD2289003A418D /* Build configuration list for PBXProject "iOSBoilerplate" */;
			compatibilityVersion = "Xcode 3.2";
			developmentRegion = "zh-tw";
			hasScannedForEncodings = 0;
			knownRegions = (
				Base,
				"zh-tw",
			);
			mainGroup = 21DB300619DD2289003A418D;
			productRefGroup = 21DB301019DD2289003A418D /* Products */;
			projectDirPath = "";
			projectRoot = "";
			targets = (
				21DB300E19DD2289003A418D /* boilerplate */,
				E790DAF81CA4DCEF00ADD182 /* boilerplateTests */,
			);
		};
/* End PBXProject section */

/* Begin PBXResourcesBuildPhase section */
		21DB300D19DD2289003A418D /* Resources */ = {
			isa = PBXResourcesBuildPhase;
			buildActionMask = 2147483647;
			files = (
				E75686071CBA5C90001B8B1D /* Assets.xcassets in Resources */,
				218C64C01BA07DDE00EEEDF1 /* Localizable.strings in Resources */,
				E7697EEF1DEEACBA00682CF1 /* Main_Storyboard.storyboard in Resources */,
				21DB301F19DD2289003A418D /* Images.xcassets in Resources */,
				4138F58E1D13AAB800AC90CE /* Launch_Screen_Storyboard.storyboard in Resources */,
			);
			runOnlyForDeploymentPostprocessing = 0;
		};
		E790DAF71CA4DCEF00ADD182 /* Resources */ = {
			isa = PBXResourcesBuildPhase;
			buildActionMask = 2147483647;
			files = (
			);
			runOnlyForDeploymentPostprocessing = 0;
		};
/* End PBXResourcesBuildPhase section */

/* Begin PBXShellScriptBuildPhase section */
		0A65EE46137AD00D4A42F4AE /* [CP] Check Pods Manifest.lock */ = {
			isa = PBXShellScriptBuildPhase;
			buildActionMask = 2147483647;
			files = (
			);
			inputPaths = (
			);
			name = "[CP] Check Pods Manifest.lock";
			outputPaths = (
			);
			runOnlyForDeploymentPostprocessing = 0;
			shellPath = /bin/sh;
			shellScript = "diff \"${PODS_ROOT}/../Podfile.lock\" \"${PODS_ROOT}/Manifest.lock\" > /dev/null\nif [ $? != 0 ] ; then\n    # print error to STDERR\n    echo \"error: The sandbox is not in sync with the Podfile.lock. Run 'pod install' or update your CocoaPods installation.\" >&2\n    exit 1\nfi\n";
			showEnvVarsInLog = 0;
		};
		2158F1DBF1ABE77EA84D665A /* [CP] Embed Pods Frameworks */ = {
			isa = PBXShellScriptBuildPhase;
			buildActionMask = 2147483647;
			files = (
			);
			inputPaths = (
			);
			name = "[CP] Embed Pods Frameworks";
			outputPaths = (
			);
			runOnlyForDeploymentPostprocessing = 0;
			shellPath = /bin/sh;
			shellScript = "\"${SRCROOT}/Pods/Target Support Files/Pods-tests-boilerplateTests/Pods-tests-boilerplateTests-frameworks.sh\"\n";
			showEnvVarsInLog = 0;
		};
		21B3D19F19E6E2B700EF0D52 /* ShellScript */ = {
			isa = PBXShellScriptBuildPhase;
			buildActionMask = 2147483647;
			files = (
			);
			inputPaths = (
			);
			outputPaths = (
			);
			runOnlyForDeploymentPostprocessing = 0;
			shellPath = /bin/sh;
			shellScript = "#\"${PODS_ROOT}/Fabric/Fabric.framework/run\" api_key build_secret\n/usr/libexec/PlistBuddy -c \"Set :GIT_COMMIT_HASH `git rev-parse HEAD`\" \"${TARGET_BUILD_DIR}\"/\"${INFOPLIST_PATH}\"\n\nif which swiftlint >/dev/null; then\n  swiftlint\nelse\n  echo \"warning: SwiftLint not installed, download from https://github.com/realm/SwiftLint\"\nfi";
		};
		7DE18946708CF436129E2B2B /* [CP] Check Pods Manifest.lock */ = {
			isa = PBXShellScriptBuildPhase;
			buildActionMask = 2147483647;
			files = (
			);
			inputPaths = (
			);
			name = "[CP] Check Pods Manifest.lock";
			outputPaths = (
			);
			runOnlyForDeploymentPostprocessing = 0;
			shellPath = /bin/sh;
			shellScript = "diff \"${PODS_ROOT}/../Podfile.lock\" \"${PODS_ROOT}/Manifest.lock\" > /dev/null\nif [ $? != 0 ] ; then\n    # print error to STDERR\n    echo \"error: The sandbox is not in sync with the Podfile.lock. Run 'pod install' or update your CocoaPods installation.\" >&2\n    exit 1\nfi\n";
			showEnvVarsInLog = 0;
		};
		B2FA53344FEC03194881028F /* [CP] Embed Pods Frameworks */ = {
			isa = PBXShellScriptBuildPhase;
			buildActionMask = 2147483647;
			files = (
			);
			inputPaths = (
			);
			name = "[CP] Embed Pods Frameworks";
			outputPaths = (
			);
			runOnlyForDeploymentPostprocessing = 0;
			shellPath = /bin/sh;
			shellScript = "\"${SRCROOT}/Pods/Target Support Files/Pods-boilerplate/Pods-boilerplate-frameworks.sh\"\n";
			showEnvVarsInLog = 0;
		};
		DC9766BD57F0D78594F9F379 /* [CP] Copy Pods Resources */ = {
			isa = PBXShellScriptBuildPhase;
			buildActionMask = 2147483647;
			files = (
			);
			inputPaths = (
			);
			name = "[CP] Copy Pods Resources";
			outputPaths = (
			);
			runOnlyForDeploymentPostprocessing = 0;
			shellPath = /bin/sh;
			shellScript = "\"${SRCROOT}/Pods/Target Support Files/Pods-boilerplate/Pods-boilerplate-resources.sh\"\n";
			showEnvVarsInLog = 0;
		};
		E2F8E957981730601712C521 /* [CP] Copy Pods Resources */ = {
			isa = PBXShellScriptBuildPhase;
			buildActionMask = 2147483647;
			files = (
			);
			inputPaths = (
			);
			name = "[CP] Copy Pods Resources";
			outputPaths = (
			);
			runOnlyForDeploymentPostprocessing = 0;
			shellPath = /bin/sh;
			shellScript = "\"${SRCROOT}/Pods/Target Support Files/Pods-tests-boilerplateTests/Pods-tests-boilerplateTests-resources.sh\"\n";
			showEnvVarsInLog = 0;
		};
		E775F01D1CCB287400B68A43 /* Git Build Number */ = {
			isa = PBXShellScriptBuildPhase;
			buildActionMask = 2147483647;
			files = (
			);
			inputPaths = (
			);
			name = "Git Build Number";
			outputPaths = (
			);
			runOnlyForDeploymentPostprocessing = 0;
			shellPath = /bin/sh;
			shellScript = $SRCROOT/gitBuildNumber.sh;
		};
		E79FBCB71EB82AA900BBC82F /* R Generation */ = {
			isa = PBXShellScriptBuildPhase;
			buildActionMask = 2147483647;
			files = (
			);
			inputPaths = (
			);
			name = "R Generation";
			outputPaths = (
			);
			runOnlyForDeploymentPostprocessing = 0;
			shellPath = /bin/sh;
			shellScript = "\"$PODS_ROOT/R.swift/rswift\" \"$SRCROOT\"";
		};
/* End PBXShellScriptBuildPhase section */

/* Begin PBXSourcesBuildPhase section */
		21DB300B19DD2289003A418D /* Sources */ = {
			isa = PBXSourcesBuildPhase;
			buildActionMask = 2147483647;
			files = (
				21DB301519DD2289003A418D /* AppDelegate.swift in Sources */,
				E73D7FF11CA3F6BC00A6FCF5 /* RxUIViewController.swift in Sources */,
				E73D7FF31CA3F76F00A6FCF5 /* RxUITableViewController.swift in Sources */,
				21DB304919DD2D6D003A418D /* Colors.swift in Sources */,
				E79D34E11D4AD28C0014044B /* DateTimes.swift in Sources */,
				E79D34E51D4AD4370014044B /* Dimensions.swift in Sources */,
				214F4FF21BFDC2CF0084BE32 /* Extensions.swift in Sources */,
				E79D34E31D4AD3F60014044B /* Configs.swift in Sources */,
				CFC9465E1D618F6F00EC44DC /* Constants.swift in Sources */,
				E79FBCB91EB82B8000BBC82F /* R.generated.swift in Sources */,
				1E8A15CA1DB9D4DE0052D9CC /* BaseUITableViewController.swift in Sources */,
			);
			runOnlyForDeploymentPostprocessing = 0;
		};
		E790DAF51CA4DCEF00ADD182 /* Sources */ = {
			isa = PBXSourcesBuildPhase;
			buildActionMask = 2147483647;
			files = (
			);
			runOnlyForDeploymentPostprocessing = 0;
		};
/* End PBXSourcesBuildPhase section */

/* Begin PBXTargetDependency section */
		E790DAFF1CA4DCF000ADD182 /* PBXTargetDependency */ = {
			isa = PBXTargetDependency;
			target = 21DB300E19DD2289003A418D /* boilerplate */;
			targetProxy = E790DAFE1CA4DCF000ADD182 /* PBXContainerItemProxy */;
		};
/* End PBXTargetDependency section */

/* Begin PBXVariantGroup section */
		218C64BD1BA07DDE00EEEDF1 /* Localizable.strings */ = {
			isa = PBXVariantGroup;
			children = (
				218C64C21BA07E1F00EEEDF1 /* Base */,
			);
			name = Localizable.strings;
			sourceTree = "<group>";
		};
		4138F58C1D13AAB800AC90CE /* Launch_Screen_Storyboard.storyboard */ = {
			isa = PBXVariantGroup;
			children = (
				4138F58D1D13AAB800AC90CE /* Base */,
			);
			name = Launch_Screen_Storyboard.storyboard;
			sourceTree = "<group>";
		};
		E7697EED1DEEACBA00682CF1 /* Main_Storyboard.storyboard */ = {
			isa = PBXVariantGroup;
			children = (
				E7697EEE1DEEACBA00682CF1 /* Base */,
			);
			name = Main_Storyboard.storyboard;
			sourceTree = "<group>";
		};
/* End PBXVariantGroup section */

/* Begin XCBuildConfiguration section */
		212D01811BB1978500B34340 /* Test */ = {
			isa = XCBuildConfiguration;
			buildSettings = {
				ALWAYS_SEARCH_USER_PATHS = NO;
				API_VERSION = v1;
				CLANG_CXX_LANGUAGE_STANDARD = "gnu++0x";
				CLANG_CXX_LIBRARY = "libc++";
				CLANG_ENABLE_MODULES = YES;
				CLANG_ENABLE_OBJC_ARC = YES;
				CLANG_WARN_BOOL_CONVERSION = YES;
				CLANG_WARN_CONSTANT_CONVERSION = YES;
				CLANG_WARN_DIRECT_OBJC_ISA_USAGE = YES_ERROR;
				CLANG_WARN_EMPTY_BODY = YES;
				CLANG_WARN_ENUM_CONVERSION = YES;
				CLANG_WARN_INFINITE_RECURSION = YES;
				CLANG_WARN_INT_CONVERSION = YES;
				CLANG_WARN_OBJC_ROOT_CLASS = YES_ERROR;
				CLANG_WARN_SUSPICIOUS_MOVE = YES;
				CLANG_WARN_UNREACHABLE_CODE = YES;
				CLANG_WARN__DUPLICATE_METHOD_MATCH = YES;
				"CODE_SIGN_IDENTITY[sdk=iphoneos*]" = "iPhone Developer";
				COPY_PHASE_STRIP = YES;
				ENABLE_NS_ASSERTIONS = NO;
				ENABLE_STRICT_OBJC_MSGSEND = YES;
				GCC_C_LANGUAGE_STANDARD = gnu99;
				GCC_NO_COMMON_BLOCKS = YES;
				GCC_WARN_64_TO_32_BIT_CONVERSION = YES;
				GCC_WARN_ABOUT_RETURN_TYPE = YES_ERROR;
				GCC_WARN_UNDECLARED_SELECTOR = YES;
				GCC_WARN_UNINITIALIZED_AUTOS = YES_AGGRESSIVE;
				GCC_WARN_UNUSED_FUNCTION = YES;
				GCC_WARN_UNUSED_VARIABLE = YES;
				IPHONEOS_DEPLOYMENT_TARGET = 9.0;
				MTL_ENABLE_DEBUG_INFO = NO;
				OTHER_SWIFT_FLAGS = "";
				SDKROOT = iphoneos;
				TARGETED_DEVICE_FAMILY = "1,2";
				URL_HOST = "https://apple.com";
				VALIDATE_PRODUCT = YES;
			};
			name = Test;
		};
		212D01821BB1978500B34340 /* Test */ = {
			isa = XCBuildConfiguration;
			baseConfigurationReference = 5CB88EEB0E539DA17175156F /* Pods-boilerplate.test.xcconfig */;
			buildSettings = {
				ALWAYS_EMBED_SWIFT_STANDARD_LIBRARIES = YES;
				ASSETCATALOG_COMPILER_APPICON_NAME = AppIcon;
				BUNDLE_DISPLAY_NAME = boilerplate;
				CODE_SIGN_IDENTITY = "iPhone Developer";
				"CODE_SIGN_IDENTITY[sdk=iphoneos*]" = "iPhone Developer";
				DEFINES_MODULE = YES;
				DEVELOPMENT_TEAM = "";
				ENABLE_BITCODE = NO;
				ENABLE_TESTABILITY = YES;
				FRAMEWORK_SEARCH_PATHS = (
					"$(inherited)",
					"$(PROJECT_DIR)",
					"$(DEVELOPER_FRAMEWORKS_DIR)",
				);
				GCC_OPTIMIZATION_LEVEL = 0;
				GCC_PREPROCESSOR_DEFINITIONS = "$(inherited)";
				HEADER_SEARCH_PATHS = (
					"$(inherited)",
					"\"${PODS_ROOT}/Firebase/Core/Sources\"",
					"\"${PODS_ROOT}/Headers/Public\"",
					"\"${PODS_ROOT}/Headers/Public/!ProtoCompiler\"",
					"\"${PODS_ROOT}/Headers/Public/!ProtoCompiler-gRPCPlugin\"",
					"\"${PODS_ROOT}/Headers/Public/Firebase\"",
					"\"${PODS_ROOT}/Headers/Public/FirebaseAnalytics\"",
					"\"${PODS_ROOT}/Headers/Public/FirebaseAuth\"",
					"\"${PODS_ROOT}/Headers/Public/FirebaseCore\"",
					"\"${PODS_ROOT}/Headers/Public/FirebaseDatabase\"",
					"\"${PODS_ROOT}/Headers/Public/FirebaseInstanceID\"",
					"\"${PODS_ROOT}/Headers/Public/FirebaseStorage\"",
					"\"${PODS_ROOT}/Headers/Public/FirebaseUI\"",
					"\"${PODS_ROOT}/Headers/Public/GoogleAppUtilities\"",
					"\"${PODS_ROOT}/Headers/Public/GoogleAuthUtilities\"",
					"\"${PODS_ROOT}/Headers/Public/GoogleInterchangeUtilities\"",
					"\"${PODS_ROOT}/Headers/Public/GoogleNetworkingUtilities\"",
					"\"${PODS_ROOT}/Headers/Public/GoogleSignIn\"",
					"\"${PODS_ROOT}/Headers/Public/GoogleSymbolUtilities\"",
					"\"${PODS_ROOT}/Headers/Public/GoogleUtilities\"",
				);
				INFOPLIST_FILE = "$(SRCROOT)/boilerplate/Info.plist";
				IPHONEOS_DEPLOYMENT_TARGET = 9.0;
				LD_RUNPATH_SEARCH_PATHS = "$(inherited) @executable_path/Frameworks";
				ONLY_ACTIVE_ARCH = YES;
				OTHER_LDFLAGS = (
					"$(inherited)",
					"-ObjC",
					"-framework",
					"\"QuartzCore\"",
				);
				OTHER_SWIFT_FLAGS = "$(inherited) -DTEST";
				PRODUCT_BUNDLE_IDENTIFIER = com.example.boilerplate;
				PRODUCT_NAME = boilerplate;
				PROVISIONING_PROFILE = "";
				SWIFT_INSTALL_OBJC_HEADER = YES;
				SWIFT_OBJC_BRIDGING_HEADER = boilerplate/BridgeHeader.h;
				SWIFT_OPTIMIZATION_LEVEL = "-Onone";
				SWIFT_VERSION = 3.0;
				TARGETED_DEVICE_FAMILY = 1;
				VALID_ARCHS = arm64;
			};
			name = Test;
		};
		212D01831BB1978B00B34340 /* Test Staging */ = {
			isa = XCBuildConfiguration;
			buildSettings = {
				ALWAYS_SEARCH_USER_PATHS = NO;
				API_VERSION = v1;
				CLANG_CXX_LANGUAGE_STANDARD = "gnu++0x";
				CLANG_CXX_LIBRARY = "libc++";
				CLANG_ENABLE_MODULES = YES;
				CLANG_ENABLE_OBJC_ARC = YES;
				CLANG_WARN_BOOL_CONVERSION = YES;
				CLANG_WARN_CONSTANT_CONVERSION = YES;
				CLANG_WARN_DIRECT_OBJC_ISA_USAGE = YES_ERROR;
				CLANG_WARN_EMPTY_BODY = YES;
				CLANG_WARN_ENUM_CONVERSION = YES;
				CLANG_WARN_INFINITE_RECURSION = YES;
				CLANG_WARN_INT_CONVERSION = YES;
				CLANG_WARN_OBJC_ROOT_CLASS = YES_ERROR;
				CLANG_WARN_SUSPICIOUS_MOVE = YES;
				CLANG_WARN_UNREACHABLE_CODE = YES;
				CLANG_WARN__DUPLICATE_METHOD_MATCH = YES;
				"CODE_SIGN_IDENTITY[sdk=iphoneos*]" = "iPhone Developer";
				COPY_PHASE_STRIP = YES;
				ENABLE_NS_ASSERTIONS = NO;
				ENABLE_STRICT_OBJC_MSGSEND = YES;
				GCC_C_LANGUAGE_STANDARD = gnu99;
				GCC_NO_COMMON_BLOCKS = YES;
				GCC_PREPROCESSOR_DEFINITIONS = "";
				GCC_WARN_64_TO_32_BIT_CONVERSION = YES;
				GCC_WARN_ABOUT_RETURN_TYPE = YES_ERROR;
				GCC_WARN_UNDECLARED_SELECTOR = YES;
				GCC_WARN_UNINITIALIZED_AUTOS = YES_AGGRESSIVE;
				GCC_WARN_UNUSED_FUNCTION = YES;
				GCC_WARN_UNUSED_VARIABLE = YES;
				IPHONEOS_DEPLOYMENT_TARGET = 9.0;
				MTL_ENABLE_DEBUG_INFO = NO;
				OTHER_SWIFT_FLAGS = "";
				SDKROOT = iphoneos;
				TARGETED_DEVICE_FAMILY = "1,2";
				URL_HOST = "https://apple.com";
				VALIDATE_PRODUCT = YES;
			};
			name = "Test Staging";
		};
		212D01841BB1978B00B34340 /* Test Staging */ = {
			isa = XCBuildConfiguration;
			baseConfigurationReference = 53DE3351265AE2CD263A7A0D /* Pods-boilerplate.test staging.xcconfig */;
			buildSettings = {
				ALWAYS_EMBED_SWIFT_STANDARD_LIBRARIES = YES;
				ASSETCATALOG_COMPILER_APPICON_NAME = "AppIcon-Staging";
				BUNDLE_DISPLAY_NAME = boilerplate;
				CODE_SIGN_IDENTITY = "iPhone Developer";
				"CODE_SIGN_IDENTITY[sdk=iphoneos*]" = "iPhone Developer";
				DEFINES_MODULE = YES;
				DEVELOPMENT_TEAM = "";
				ENABLE_BITCODE = NO;
				ENABLE_TESTABILITY = YES;
				FRAMEWORK_SEARCH_PATHS = (
					"$(inherited)",
					"$(PROJECT_DIR)",
					"$(DEVELOPER_FRAMEWORKS_DIR)",
				);
				GCC_OPTIMIZATION_LEVEL = 0;
				GCC_PREPROCESSOR_DEFINITIONS = "$(inherited)";
				HEADER_SEARCH_PATHS = (
					"$(inherited)",
					"\"${PODS_ROOT}/Firebase/Core/Sources\"",
					"\"${PODS_ROOT}/Headers/Public\"",
					"\"${PODS_ROOT}/Headers/Public/!ProtoCompiler\"",
					"\"${PODS_ROOT}/Headers/Public/!ProtoCompiler-gRPCPlugin\"",
					"\"${PODS_ROOT}/Headers/Public/Firebase\"",
					"\"${PODS_ROOT}/Headers/Public/FirebaseAnalytics\"",
					"\"${PODS_ROOT}/Headers/Public/FirebaseAuth\"",
					"\"${PODS_ROOT}/Headers/Public/FirebaseCore\"",
					"\"${PODS_ROOT}/Headers/Public/FirebaseDatabase\"",
					"\"${PODS_ROOT}/Headers/Public/FirebaseInstanceID\"",
					"\"${PODS_ROOT}/Headers/Public/FirebaseStorage\"",
					"\"${PODS_ROOT}/Headers/Public/FirebaseUI\"",
					"\"${PODS_ROOT}/Headers/Public/GoogleAppUtilities\"",
					"\"${PODS_ROOT}/Headers/Public/GoogleAuthUtilities\"",
					"\"${PODS_ROOT}/Headers/Public/GoogleInterchangeUtilities\"",
					"\"${PODS_ROOT}/Headers/Public/GoogleNetworkingUtilities\"",
					"\"${PODS_ROOT}/Headers/Public/GoogleSignIn\"",
					"\"${PODS_ROOT}/Headers/Public/GoogleSymbolUtilities\"",
					"\"${PODS_ROOT}/Headers/Public/GoogleUtilities\"",
				);
				INFOPLIST_FILE = "$(SRCROOT)/boilerplate/Info.plist";
				IPHONEOS_DEPLOYMENT_TARGET = 9.0;
				LD_RUNPATH_SEARCH_PATHS = "$(inherited) @executable_path/Frameworks";
				ONLY_ACTIVE_ARCH = YES;
				OTHER_LDFLAGS = (
					"$(inherited)",
					"-ObjC",
					"-framework",
					"\"QuartzCore\"",
				);
				OTHER_SWIFT_FLAGS = "$(inherited) -DTEST";
				PRODUCT_BUNDLE_IDENTIFIER = com.example.boilerplate;
				PRODUCT_NAME = boilerplate;
				PROVISIONING_PROFILE = "";
				SWIFT_INSTALL_OBJC_HEADER = YES;
				SWIFT_OBJC_BRIDGING_HEADER = boilerplate/BridgeHeader.h;
				SWIFT_OPTIMIZATION_LEVEL = "-Onone";
				SWIFT_VERSION = 3.0;
				TARGETED_DEVICE_FAMILY = 1;
				VALID_ARCHS = arm64;
			};
			name = "Test Staging";
		};
		212D01851BB1981C00B34340 /* AppStore Debug */ = {
			isa = XCBuildConfiguration;
			buildSettings = {
				ALWAYS_SEARCH_USER_PATHS = NO;
				API_VERSION = v1;
				CLANG_CXX_LANGUAGE_STANDARD = "gnu++0x";
				CLANG_CXX_LIBRARY = "libc++";
				CLANG_ENABLE_MODULES = YES;
				CLANG_ENABLE_OBJC_ARC = YES;
				CLANG_WARN_BOOL_CONVERSION = YES;
				CLANG_WARN_CONSTANT_CONVERSION = YES;
				CLANG_WARN_DIRECT_OBJC_ISA_USAGE = YES_ERROR;
				CLANG_WARN_EMPTY_BODY = YES;
				CLANG_WARN_ENUM_CONVERSION = YES;
				CLANG_WARN_INFINITE_RECURSION = YES;
				CLANG_WARN_INT_CONVERSION = YES;
				CLANG_WARN_OBJC_ROOT_CLASS = YES_ERROR;
				CLANG_WARN_SUSPICIOUS_MOVE = YES;
				CLANG_WARN_UNREACHABLE_CODE = YES;
				CLANG_WARN__DUPLICATE_METHOD_MATCH = YES;
				"CODE_SIGN_IDENTITY[sdk=iphoneos*]" = "iPhone Developer";
				COPY_PHASE_STRIP = NO;
				ENABLE_STRICT_OBJC_MSGSEND = YES;
				ENABLE_TESTABILITY = YES;
				GCC_C_LANGUAGE_STANDARD = gnu99;
				GCC_DYNAMIC_NO_PIC = NO;
				GCC_NO_COMMON_BLOCKS = YES;
				GCC_OPTIMIZATION_LEVEL = 0;
				GCC_PREPROCESSOR_DEFINITIONS = "$(inherited)";
				GCC_SYMBOLS_PRIVATE_EXTERN = NO;
				GCC_WARN_64_TO_32_BIT_CONVERSION = YES;
				GCC_WARN_ABOUT_RETURN_TYPE = YES_ERROR;
				GCC_WARN_UNDECLARED_SELECTOR = YES;
				GCC_WARN_UNINITIALIZED_AUTOS = YES_AGGRESSIVE;
				GCC_WARN_UNUSED_FUNCTION = YES;
				GCC_WARN_UNUSED_VARIABLE = YES;
				IPHONEOS_DEPLOYMENT_TARGET = 9.0;
				MTL_ENABLE_DEBUG_INFO = YES;
				ONLY_ACTIVE_ARCH = YES;
				OTHER_SWIFT_FLAGS = "";
				SDKROOT = iphoneos;
				SWIFT_OPTIMIZATION_LEVEL = "-Onone";
				TARGETED_DEVICE_FAMILY = "1,2";
				URL_HOST = "https://apple.com";
			};
			name = "AppStore Debug";
		};
		212D01861BB1981C00B34340 /* AppStore Debug */ = {
			isa = XCBuildConfiguration;
			baseConfigurationReference = 44A59F42585142DD550DE92A /* Pods-boilerplate.appstore debug.xcconfig */;
			buildSettings = {
				ALWAYS_EMBED_SWIFT_STANDARD_LIBRARIES = YES;
				ASSETCATALOG_COMPILER_APPICON_NAME = AppIcon;
				BUNDLE_DISPLAY_NAME = boilerplate;
				CODE_SIGN_IDENTITY = "iPhone Developer";
				"CODE_SIGN_IDENTITY[sdk=iphoneos*]" = "iPhone Developer";
				DEFINES_MODULE = YES;
				DEVELOPMENT_TEAM = "";
				ENABLE_BITCODE = NO;
				ENABLE_TESTABILITY = YES;
				FRAMEWORK_SEARCH_PATHS = (
					"$(inherited)",
					"$(PROJECT_DIR)",
					"$(DEVELOPER_FRAMEWORKS_DIR)",
					"$(PLATFORM_DIR)/Developer/Library/Frameworks",
				);
				GCC_PREPROCESSOR_DEFINITIONS = "$(inherited)";
				HEADER_SEARCH_PATHS = (
					"$(inherited)",
					"\"${PODS_ROOT}/Firebase/Core/Sources\"",
					"\"${PODS_ROOT}/Headers/Public\"",
					"\"${PODS_ROOT}/Headers/Public/!ProtoCompiler\"",
					"\"${PODS_ROOT}/Headers/Public/!ProtoCompiler-gRPCPlugin\"",
					"\"${PODS_ROOT}/Headers/Public/Firebase\"",
					"\"${PODS_ROOT}/Headers/Public/FirebaseAnalytics\"",
					"\"${PODS_ROOT}/Headers/Public/FirebaseAuth\"",
					"\"${PODS_ROOT}/Headers/Public/FirebaseCore\"",
					"\"${PODS_ROOT}/Headers/Public/FirebaseDatabase\"",
					"\"${PODS_ROOT}/Headers/Public/FirebaseInstanceID\"",
					"\"${PODS_ROOT}/Headers/Public/FirebaseStorage\"",
					"\"${PODS_ROOT}/Headers/Public/FirebaseUI\"",
					"\"${PODS_ROOT}/Headers/Public/GoogleAppUtilities\"",
					"\"${PODS_ROOT}/Headers/Public/GoogleAuthUtilities\"",
					"\"${PODS_ROOT}/Headers/Public/GoogleInterchangeUtilities\"",
					"\"${PODS_ROOT}/Headers/Public/GoogleNetworkingUtilities\"",
					"\"${PODS_ROOT}/Headers/Public/GoogleSignIn\"",
					"\"${PODS_ROOT}/Headers/Public/GoogleSymbolUtilities\"",
					"\"${PODS_ROOT}/Headers/Public/GoogleUtilities\"",
				);
				INFOPLIST_FILE = "$(SRCROOT)/boilerplate/Info.plist";
				IPHONEOS_DEPLOYMENT_TARGET = 9.0;
				LD_RUNPATH_SEARCH_PATHS = "$(inherited) @executable_path/Frameworks";
				OTHER_LDFLAGS = (
					"$(inherited)",
					"-ObjC",
					"-framework",
					"\"QuartzCore\"",
				);
				OTHER_SWIFT_FLAGS = "$(inherited) -DDEBUG";
				PRODUCT_BUNDLE_IDENTIFIER = com.example.boilerplate;
				PRODUCT_NAME = boilerplate;
				PROVISIONING_PROFILE = "";
				SWIFT_INSTALL_OBJC_HEADER = YES;
				SWIFT_OBJC_BRIDGING_HEADER = boilerplate/BridgeHeader.h;
				SWIFT_OPTIMIZATION_LEVEL = "-Owholemodule";
				SWIFT_VERSION = 3.0;
				TARGETED_DEVICE_FAMILY = 1;
				VALID_ARCHS = arm64;
			};
			name = "AppStore Debug";
		};
		21DB302F19DD2289003A418D /* Debug */ = {
			isa = XCBuildConfiguration;
			buildSettings = {
				ALWAYS_SEARCH_USER_PATHS = NO;
				API_VERSION = v1;
				CLANG_CXX_LANGUAGE_STANDARD = "gnu++0x";
				CLANG_CXX_LIBRARY = "libc++";
				CLANG_ENABLE_MODULES = YES;
				CLANG_ENABLE_OBJC_ARC = YES;
				CLANG_WARN_BOOL_CONVERSION = YES;
				CLANG_WARN_CONSTANT_CONVERSION = YES;
				CLANG_WARN_DIRECT_OBJC_ISA_USAGE = YES_ERROR;
				CLANG_WARN_EMPTY_BODY = YES;
				CLANG_WARN_ENUM_CONVERSION = YES;
				CLANG_WARN_INFINITE_RECURSION = YES;
				CLANG_WARN_INT_CONVERSION = YES;
				CLANG_WARN_OBJC_ROOT_CLASS = YES_ERROR;
				CLANG_WARN_SUSPICIOUS_MOVE = YES;
				CLANG_WARN_UNREACHABLE_CODE = YES;
				CLANG_WARN__DUPLICATE_METHOD_MATCH = YES;
				"CODE_SIGN_IDENTITY[sdk=iphoneos*]" = "iPhone Developer";
				COPY_PHASE_STRIP = NO;
				ENABLE_STRICT_OBJC_MSGSEND = YES;
				ENABLE_TESTABILITY = YES;
				GCC_C_LANGUAGE_STANDARD = gnu99;
				GCC_DYNAMIC_NO_PIC = NO;
				GCC_NO_COMMON_BLOCKS = YES;
				GCC_OPTIMIZATION_LEVEL = 0;
				GCC_PREPROCESSOR_DEFINITIONS = "$(inherited)";
				GCC_SYMBOLS_PRIVATE_EXTERN = NO;
				GCC_WARN_64_TO_32_BIT_CONVERSION = YES;
				GCC_WARN_ABOUT_RETURN_TYPE = YES_ERROR;
				GCC_WARN_UNDECLARED_SELECTOR = YES;
				GCC_WARN_UNINITIALIZED_AUTOS = YES_AGGRESSIVE;
				GCC_WARN_UNUSED_FUNCTION = YES;
				GCC_WARN_UNUSED_VARIABLE = YES;
				IPHONEOS_DEPLOYMENT_TARGET = 9.0;
				MTL_ENABLE_DEBUG_INFO = YES;
				ONLY_ACTIVE_ARCH = YES;
				OTHER_SWIFT_FLAGS = "";
				SDKROOT = iphoneos;
				SWIFT_OPTIMIZATION_LEVEL = "-Onone";
				TARGETED_DEVICE_FAMILY = "1,2";
				URL_HOST = "https://apple.com";
			};
			name = Debug;
		};
		21DB303019DD2289003A418D /* Release */ = {
			isa = XCBuildConfiguration;
			buildSettings = {
				ALWAYS_SEARCH_USER_PATHS = NO;
				API_VERSION = v1;
				CLANG_CXX_LANGUAGE_STANDARD = "gnu++0x";
				CLANG_CXX_LIBRARY = "libc++";
				CLANG_ENABLE_MODULES = YES;
				CLANG_ENABLE_OBJC_ARC = YES;
				CLANG_WARN_BOOL_CONVERSION = YES;
				CLANG_WARN_CONSTANT_CONVERSION = YES;
				CLANG_WARN_DIRECT_OBJC_ISA_USAGE = YES_ERROR;
				CLANG_WARN_EMPTY_BODY = YES;
				CLANG_WARN_ENUM_CONVERSION = YES;
				CLANG_WARN_INFINITE_RECURSION = YES;
				CLANG_WARN_INT_CONVERSION = YES;
				CLANG_WARN_OBJC_ROOT_CLASS = YES_ERROR;
				CLANG_WARN_SUSPICIOUS_MOVE = YES;
				CLANG_WARN_UNREACHABLE_CODE = YES;
				CLANG_WARN__DUPLICATE_METHOD_MATCH = YES;
				"CODE_SIGN_IDENTITY[sdk=iphoneos*]" = "iPhone Developer";
				COPY_PHASE_STRIP = YES;
				ENABLE_NS_ASSERTIONS = NO;
				ENABLE_STRICT_OBJC_MSGSEND = YES;
				GCC_C_LANGUAGE_STANDARD = gnu99;
				GCC_NO_COMMON_BLOCKS = YES;
				GCC_WARN_64_TO_32_BIT_CONVERSION = YES;
				GCC_WARN_ABOUT_RETURN_TYPE = YES_ERROR;
				GCC_WARN_UNDECLARED_SELECTOR = YES;
				GCC_WARN_UNINITIALIZED_AUTOS = YES_AGGRESSIVE;
				GCC_WARN_UNUSED_FUNCTION = YES;
				GCC_WARN_UNUSED_VARIABLE = YES;
				IPHONEOS_DEPLOYMENT_TARGET = 9.0;
				MTL_ENABLE_DEBUG_INFO = NO;
				OTHER_SWIFT_FLAGS = "";
				SDKROOT = iphoneos;
				SWIFT_OPTIMIZATION_LEVEL = "-Owholemodule";
				TARGETED_DEVICE_FAMILY = "1,2";
				URL_HOST = "https://apple.com";
				VALIDATE_PRODUCT = YES;
			};
			name = Release;
		};
		21DB303219DD2289003A418D /* Debug */ = {
			isa = XCBuildConfiguration;
			baseConfigurationReference = 5B646AA76FA885890CB3912E /* Pods-boilerplate.debug.xcconfig */;
			buildSettings = {
				ALWAYS_EMBED_SWIFT_STANDARD_LIBRARIES = YES;
				ASSETCATALOG_COMPILER_APPICON_NAME = AppIcon;
				BUNDLE_DISPLAY_NAME = boilerplate;
				CODE_SIGN_IDENTITY = "iPhone Developer";
				"CODE_SIGN_IDENTITY[sdk=iphoneos*]" = "iPhone Developer";
				DEFINES_MODULE = YES;
				DEVELOPMENT_TEAM = "";
				ENABLE_BITCODE = NO;
				ENABLE_TESTABILITY = YES;
				FRAMEWORK_SEARCH_PATHS = (
					"$(inherited)",
					"$(PROJECT_DIR)",
					"$(DEVELOPER_FRAMEWORKS_DIR)",
					"$(PLATFORM_DIR)/Developer/Library/Frameworks",
				);
				GCC_PREPROCESSOR_DEFINITIONS = "$(inherited)";
				HEADER_SEARCH_PATHS = (
					"$(inherited)",
					"\"${PODS_ROOT}/Firebase/Core/Sources\"",
					"\"${PODS_ROOT}/Headers/Public\"",
					"\"${PODS_ROOT}/Headers/Public/!ProtoCompiler\"",
					"\"${PODS_ROOT}/Headers/Public/!ProtoCompiler-gRPCPlugin\"",
					"\"${PODS_ROOT}/Headers/Public/Firebase\"",
					"\"${PODS_ROOT}/Headers/Public/FirebaseAnalytics\"",
					"\"${PODS_ROOT}/Headers/Public/FirebaseAuth\"",
					"\"${PODS_ROOT}/Headers/Public/FirebaseCore\"",
					"\"${PODS_ROOT}/Headers/Public/FirebaseDatabase\"",
					"\"${PODS_ROOT}/Headers/Public/FirebaseInstanceID\"",
					"\"${PODS_ROOT}/Headers/Public/FirebaseStorage\"",
					"\"${PODS_ROOT}/Headers/Public/FirebaseUI\"",
					"\"${PODS_ROOT}/Headers/Public/GoogleAppUtilities\"",
					"\"${PODS_ROOT}/Headers/Public/GoogleAuthUtilities\"",
					"\"${PODS_ROOT}/Headers/Public/GoogleInterchangeUtilities\"",
					"\"${PODS_ROOT}/Headers/Public/GoogleNetworkingUtilities\"",
					"\"${PODS_ROOT}/Headers/Public/GoogleSignIn\"",
					"\"${PODS_ROOT}/Headers/Public/GoogleSymbolUtilities\"",
					"\"${PODS_ROOT}/Headers/Public/GoogleUtilities\"",
				);
				INFOPLIST_FILE = "$(SRCROOT)/boilerplate/Info.plist";
				IPHONEOS_DEPLOYMENT_TARGET = 9.0;
				LD_RUNPATH_SEARCH_PATHS = "$(inherited) @executable_path/Frameworks";
				OTHER_LDFLAGS = (
					"$(inherited)",
					"-ObjC",
					"-framework",
					"\"QuartzCore\"",
				);
				OTHER_SWIFT_FLAGS = "$(inherited) -DDEBUG";
				PRODUCT_BUNDLE_IDENTIFIER = com.example.boilerplate;
				PRODUCT_NAME = boilerplate;
				PROVISIONING_PROFILE = "";
				SWIFT_INSTALL_OBJC_HEADER = YES;
				SWIFT_OBJC_BRIDGING_HEADER = boilerplate/BridgeHeader.h;
				SWIFT_OPTIMIZATION_LEVEL = "-Owholemodule";
				SWIFT_VERSION = 3.0;
				TARGETED_DEVICE_FAMILY = 1;
				VALID_ARCHS = arm64;
			};
			name = Debug;
		};
		21DB303319DD2289003A418D /* Release */ = {
			isa = XCBuildConfiguration;
			baseConfigurationReference = D601E39E4C2832250C0A0FDF /* Pods-boilerplate.release.xcconfig */;
			buildSettings = {
				ALWAYS_EMBED_SWIFT_STANDARD_LIBRARIES = YES;
				ASSETCATALOG_COMPILER_APPICON_NAME = AppIcon;
				BUNDLE_DISPLAY_NAME = boilerplate;
				CODE_SIGN_IDENTITY = "iPhone Developer";
				"CODE_SIGN_IDENTITY[sdk=iphoneos*]" = "iPhone Developer";
				DEFINES_MODULE = YES;
				DEVELOPMENT_TEAM = "";
				ENABLE_BITCODE = NO;
				ENABLE_TESTABILITY = YES;
				FRAMEWORK_SEARCH_PATHS = (
					"$(inherited)",
					"$(PROJECT_DIR)",
					"$(DEVELOPER_FRAMEWORKS_DIR)",
				);
				GCC_PREPROCESSOR_DEFINITIONS = "$(inherited)";
				HEADER_SEARCH_PATHS = (
					"$(inherited)",
					"\"${PODS_ROOT}/Firebase/Core/Sources\"",
					"\"${PODS_ROOT}/Headers/Public\"",
					"\"${PODS_ROOT}/Headers/Public/!ProtoCompiler\"",
					"\"${PODS_ROOT}/Headers/Public/!ProtoCompiler-gRPCPlugin\"",
					"\"${PODS_ROOT}/Headers/Public/Firebase\"",
					"\"${PODS_ROOT}/Headers/Public/FirebaseAnalytics\"",
					"\"${PODS_ROOT}/Headers/Public/FirebaseAuth\"",
					"\"${PODS_ROOT}/Headers/Public/FirebaseCore\"",
					"\"${PODS_ROOT}/Headers/Public/FirebaseDatabase\"",
					"\"${PODS_ROOT}/Headers/Public/FirebaseInstanceID\"",
					"\"${PODS_ROOT}/Headers/Public/FirebaseStorage\"",
					"\"${PODS_ROOT}/Headers/Public/FirebaseUI\"",
					"\"${PODS_ROOT}/Headers/Public/GoogleAppUtilities\"",
					"\"${PODS_ROOT}/Headers/Public/GoogleAuthUtilities\"",
					"\"${PODS_ROOT}/Headers/Public/GoogleInterchangeUtilities\"",
					"\"${PODS_ROOT}/Headers/Public/GoogleNetworkingUtilities\"",
					"\"${PODS_ROOT}/Headers/Public/GoogleSignIn\"",
					"\"${PODS_ROOT}/Headers/Public/GoogleSymbolUtilities\"",
					"\"${PODS_ROOT}/Headers/Public/GoogleUtilities\"",
				);
				INFOPLIST_FILE = "$(SRCROOT)/boilerplate/Info.plist";
				IPHONEOS_DEPLOYMENT_TARGET = 9.0;
				LD_RUNPATH_SEARCH_PATHS = "$(inherited) @executable_path/Frameworks";
				OTHER_LDFLAGS = (
					"$(inherited)",
					"-ObjC",
					"-framework",
					"\"QuartzCore\"",
				);
				OTHER_SWIFT_FLAGS = "$(inherited)";
				PRODUCT_BUNDLE_IDENTIFIER = com.example.boilerplate;
				PRODUCT_NAME = boilerplate;
				PROVISIONING_PROFILE = "";
				SWIFT_INSTALL_OBJC_HEADER = YES;
				SWIFT_OBJC_BRIDGING_HEADER = boilerplate/BridgeHeader.h;
				SWIFT_OPTIMIZATION_LEVEL = "-Owholemodule";
				SWIFT_VERSION = 3.0;
				TARGETED_DEVICE_FAMILY = 1;
				VALID_ARCHS = arm64;
			};
			name = Release;
		};
		21DB304C19DD3B30003A418D /* Debug Staging */ = {
			isa = XCBuildConfiguration;
			buildSettings = {
				ALWAYS_SEARCH_USER_PATHS = NO;
				API_VERSION = v1;
				CLANG_CXX_LANGUAGE_STANDARD = "gnu++0x";
				CLANG_CXX_LIBRARY = "libc++";
				CLANG_ENABLE_MODULES = YES;
				CLANG_ENABLE_OBJC_ARC = YES;
				CLANG_WARN_BOOL_CONVERSION = YES;
				CLANG_WARN_CONSTANT_CONVERSION = YES;
				CLANG_WARN_DIRECT_OBJC_ISA_USAGE = YES_ERROR;
				CLANG_WARN_EMPTY_BODY = YES;
				CLANG_WARN_ENUM_CONVERSION = YES;
				CLANG_WARN_INFINITE_RECURSION = YES;
				CLANG_WARN_INT_CONVERSION = YES;
				CLANG_WARN_OBJC_ROOT_CLASS = YES_ERROR;
				CLANG_WARN_SUSPICIOUS_MOVE = YES;
				CLANG_WARN_UNREACHABLE_CODE = YES;
				CLANG_WARN__DUPLICATE_METHOD_MATCH = YES;
				"CODE_SIGN_IDENTITY[sdk=iphoneos*]" = "iPhone Developer";
				COPY_PHASE_STRIP = NO;
				ENABLE_STRICT_OBJC_MSGSEND = YES;
				ENABLE_TESTABILITY = YES;
				GCC_C_LANGUAGE_STANDARD = gnu99;
				GCC_DYNAMIC_NO_PIC = NO;
				GCC_NO_COMMON_BLOCKS = YES;
				GCC_OPTIMIZATION_LEVEL = 0;
				GCC_PREPROCESSOR_DEFINITIONS = "$(inherited)";
				GCC_SYMBOLS_PRIVATE_EXTERN = NO;
				GCC_WARN_64_TO_32_BIT_CONVERSION = YES;
				GCC_WARN_ABOUT_RETURN_TYPE = YES_ERROR;
				GCC_WARN_UNDECLARED_SELECTOR = YES;
				GCC_WARN_UNINITIALIZED_AUTOS = YES_AGGRESSIVE;
				GCC_WARN_UNUSED_FUNCTION = YES;
				GCC_WARN_UNUSED_VARIABLE = YES;
				IPHONEOS_DEPLOYMENT_TARGET = 9.0;
				MTL_ENABLE_DEBUG_INFO = YES;
				ONLY_ACTIVE_ARCH = YES;
				OTHER_SWIFT_FLAGS = "";
				SDKROOT = iphoneos;
				SWIFT_OPTIMIZATION_LEVEL = "-Onone";
				TARGETED_DEVICE_FAMILY = "1,2";
				URL_HOST = "https://apple.com";
			};
			name = "Debug Staging";
		};
		21DB304D19DD3B30003A418D /* Debug Staging */ = {
			isa = XCBuildConfiguration;
			baseConfigurationReference = 8DD45DD4F1B72ED1A77ABD45 /* Pods-boilerplate.debug staging.xcconfig */;
			buildSettings = {
				ALWAYS_EMBED_SWIFT_STANDARD_LIBRARIES = YES;
				ASSETCATALOG_COMPILER_APPICON_NAME = "AppIcon-Staging";
				BUNDLE_DISPLAY_NAME = boilerplate;
				CODE_SIGN_IDENTITY = "iPhone Developer";
				"CODE_SIGN_IDENTITY[sdk=iphoneos*]" = "iPhone Developer";
				DEFINES_MODULE = YES;
				DEVELOPMENT_TEAM = "";
				ENABLE_BITCODE = NO;
				ENABLE_TESTABILITY = YES;
				FRAMEWORK_SEARCH_PATHS = (
					"$(inherited)",
					"$(PROJECT_DIR)",
					"$(DEVELOPER_FRAMEWORKS_DIR)",
					"$(PLATFORM_DIR)/Developer/Library/Frameworks",
				);
				GCC_PREPROCESSOR_DEFINITIONS = "$(inherited)";
				HEADER_SEARCH_PATHS = (
					"$(inherited)",
					"\"${PODS_ROOT}/Firebase/Core/Sources\"",
					"\"${PODS_ROOT}/Headers/Public\"",
					"\"${PODS_ROOT}/Headers/Public/!ProtoCompiler\"",
					"\"${PODS_ROOT}/Headers/Public/!ProtoCompiler-gRPCPlugin\"",
					"\"${PODS_ROOT}/Headers/Public/Firebase\"",
					"\"${PODS_ROOT}/Headers/Public/FirebaseAnalytics\"",
					"\"${PODS_ROOT}/Headers/Public/FirebaseAuth\"",
					"\"${PODS_ROOT}/Headers/Public/FirebaseCore\"",
					"\"${PODS_ROOT}/Headers/Public/FirebaseDatabase\"",
					"\"${PODS_ROOT}/Headers/Public/FirebaseInstanceID\"",
					"\"${PODS_ROOT}/Headers/Public/FirebaseStorage\"",
					"\"${PODS_ROOT}/Headers/Public/FirebaseUI\"",
					"\"${PODS_ROOT}/Headers/Public/GoogleAppUtilities\"",
					"\"${PODS_ROOT}/Headers/Public/GoogleAuthUtilities\"",
					"\"${PODS_ROOT}/Headers/Public/GoogleInterchangeUtilities\"",
					"\"${PODS_ROOT}/Headers/Public/GoogleNetworkingUtilities\"",
					"\"${PODS_ROOT}/Headers/Public/GoogleSignIn\"",
					"\"${PODS_ROOT}/Headers/Public/GoogleSymbolUtilities\"",
					"\"${PODS_ROOT}/Headers/Public/GoogleUtilities\"",
				);
				INFOPLIST_FILE = "$(SRCROOT)/boilerplate/Info.plist";
				IPHONEOS_DEPLOYMENT_TARGET = 9.0;
				LD_RUNPATH_SEARCH_PATHS = "$(inherited) @executable_path/Frameworks";
				OTHER_LDFLAGS = (
					"$(inherited)",
					"-ObjC",
					"-framework",
					"\"QuartzCore\"",
				);
				OTHER_SWIFT_FLAGS = "$(inherited) -DDEBUG";
				PRODUCT_BUNDLE_IDENTIFIER = com.example.boilerplate;
				PRODUCT_NAME = boilerplate;
				PROVISIONING_PROFILE = "";
				SWIFT_INSTALL_OBJC_HEADER = YES;
				SWIFT_OBJC_BRIDGING_HEADER = boilerplate/BridgeHeader.h;
				SWIFT_OPTIMIZATION_LEVEL = "-Owholemodule";
				SWIFT_VERSION = 3.0;
				TARGETED_DEVICE_FAMILY = 1;
				VALID_ARCHS = arm64;
			};
			name = "Debug Staging";
		};
		21DB304F19DD3B48003A418D /* Release Staging */ = {
			isa = XCBuildConfiguration;
			buildSettings = {
				ALWAYS_SEARCH_USER_PATHS = NO;
				API_VERSION = v1;
				CLANG_CXX_LANGUAGE_STANDARD = "gnu++0x";
				CLANG_CXX_LIBRARY = "libc++";
				CLANG_ENABLE_MODULES = YES;
				CLANG_ENABLE_OBJC_ARC = YES;
				CLANG_WARN_BOOL_CONVERSION = YES;
				CLANG_WARN_CONSTANT_CONVERSION = YES;
				CLANG_WARN_DIRECT_OBJC_ISA_USAGE = YES_ERROR;
				CLANG_WARN_EMPTY_BODY = YES;
				CLANG_WARN_ENUM_CONVERSION = YES;
				CLANG_WARN_INFINITE_RECURSION = YES;
				CLANG_WARN_INT_CONVERSION = YES;
				CLANG_WARN_OBJC_ROOT_CLASS = YES_ERROR;
				CLANG_WARN_SUSPICIOUS_MOVE = YES;
				CLANG_WARN_UNREACHABLE_CODE = YES;
				CLANG_WARN__DUPLICATE_METHOD_MATCH = YES;
				"CODE_SIGN_IDENTITY[sdk=iphoneos*]" = "iPhone Developer";
				COPY_PHASE_STRIP = YES;
				ENABLE_NS_ASSERTIONS = NO;
				ENABLE_STRICT_OBJC_MSGSEND = YES;
				GCC_C_LANGUAGE_STANDARD = gnu99;
				GCC_NO_COMMON_BLOCKS = YES;
				GCC_PREPROCESSOR_DEFINITIONS = "";
				GCC_WARN_64_TO_32_BIT_CONVERSION = YES;
				GCC_WARN_ABOUT_RETURN_TYPE = YES_ERROR;
				GCC_WARN_UNDECLARED_SELECTOR = YES;
				GCC_WARN_UNINITIALIZED_AUTOS = YES_AGGRESSIVE;
				GCC_WARN_UNUSED_FUNCTION = YES;
				GCC_WARN_UNUSED_VARIABLE = YES;
				IPHONEOS_DEPLOYMENT_TARGET = 9.0;
				MTL_ENABLE_DEBUG_INFO = NO;
				OTHER_SWIFT_FLAGS = "";
				SDKROOT = iphoneos;
				SWIFT_OPTIMIZATION_LEVEL = "-Owholemodule";
				TARGETED_DEVICE_FAMILY = "1,2";
				URL_HOST = "https://apple.com";
				VALIDATE_PRODUCT = YES;
			};
			name = "Release Staging";
		};
		21DB305019DD3B48003A418D /* Release Staging */ = {
			isa = XCBuildConfiguration;
			baseConfigurationReference = 85E6DC13F0D5AF487B6A55D4 /* Pods-boilerplate.release staging.xcconfig */;
			buildSettings = {
				ALWAYS_EMBED_SWIFT_STANDARD_LIBRARIES = YES;
				ASSETCATALOG_COMPILER_APPICON_NAME = "AppIcon-Staging";
				BUNDLE_DISPLAY_NAME = boilerplate;
				CODE_SIGN_IDENTITY = "iPhone Developer";
				"CODE_SIGN_IDENTITY[sdk=iphoneos*]" = "iPhone Developer";
				DEFINES_MODULE = YES;
				DEVELOPMENT_TEAM = "";
				ENABLE_BITCODE = NO;
				ENABLE_TESTABILITY = YES;
				FRAMEWORK_SEARCH_PATHS = (
					"$(inherited)",
					"$(PROJECT_DIR)",
					"$(DEVELOPER_FRAMEWORKS_DIR)",
				);
				GCC_PREPROCESSOR_DEFINITIONS = "$(inherited)";
				HEADER_SEARCH_PATHS = (
					"$(inherited)",
					"\"${PODS_ROOT}/Firebase/Core/Sources\"",
					"\"${PODS_ROOT}/Headers/Public\"",
					"\"${PODS_ROOT}/Headers/Public/!ProtoCompiler\"",
					"\"${PODS_ROOT}/Headers/Public/!ProtoCompiler-gRPCPlugin\"",
					"\"${PODS_ROOT}/Headers/Public/Firebase\"",
					"\"${PODS_ROOT}/Headers/Public/FirebaseAnalytics\"",
					"\"${PODS_ROOT}/Headers/Public/FirebaseAuth\"",
					"\"${PODS_ROOT}/Headers/Public/FirebaseCore\"",
					"\"${PODS_ROOT}/Headers/Public/FirebaseDatabase\"",
					"\"${PODS_ROOT}/Headers/Public/FirebaseInstanceID\"",
					"\"${PODS_ROOT}/Headers/Public/FirebaseStorage\"",
					"\"${PODS_ROOT}/Headers/Public/FirebaseUI\"",
					"\"${PODS_ROOT}/Headers/Public/GoogleAppUtilities\"",
					"\"${PODS_ROOT}/Headers/Public/GoogleAuthUtilities\"",
					"\"${PODS_ROOT}/Headers/Public/GoogleInterchangeUtilities\"",
					"\"${PODS_ROOT}/Headers/Public/GoogleNetworkingUtilities\"",
					"\"${PODS_ROOT}/Headers/Public/GoogleSignIn\"",
					"\"${PODS_ROOT}/Headers/Public/GoogleSymbolUtilities\"",
					"\"${PODS_ROOT}/Headers/Public/GoogleUtilities\"",
				);
				INFOPLIST_FILE = "$(SRCROOT)/boilerplate/Info.plist";
				IPHONEOS_DEPLOYMENT_TARGET = 9.0;
				LD_RUNPATH_SEARCH_PATHS = "$(inherited) @executable_path/Frameworks";
				OTHER_LDFLAGS = (
					"$(inherited)",
					"-ObjC",
					"-framework",
					"\"QuartzCore\"",
				);
				OTHER_SWIFT_FLAGS = "$(inherited)";
				PRODUCT_BUNDLE_IDENTIFIER = com.example.boilerplate;
				PRODUCT_NAME = boilerplate;
				PROVISIONING_PROFILE = "";
				SWIFT_INSTALL_OBJC_HEADER = YES;
				SWIFT_OBJC_BRIDGING_HEADER = boilerplate/BridgeHeader.h;
				SWIFT_OPTIMIZATION_LEVEL = "-Owholemodule";
				SWIFT_VERSION = 3.0;
				TARGETED_DEVICE_FAMILY = 1;
				VALID_ARCHS = arm64;
			};
			name = "Release Staging";
		};
		E736C5DE1A25320400B8986E /* AppStore */ = {
			isa = XCBuildConfiguration;
			buildSettings = {
				ALWAYS_SEARCH_USER_PATHS = NO;
				API_VERSION = v1;
				CLANG_CXX_LANGUAGE_STANDARD = "gnu++0x";
				CLANG_CXX_LIBRARY = "libc++";
				CLANG_ENABLE_MODULES = YES;
				CLANG_ENABLE_OBJC_ARC = YES;
				CLANG_WARN_BOOL_CONVERSION = YES;
				CLANG_WARN_CONSTANT_CONVERSION = YES;
				CLANG_WARN_DIRECT_OBJC_ISA_USAGE = YES_ERROR;
				CLANG_WARN_EMPTY_BODY = YES;
				CLANG_WARN_ENUM_CONVERSION = YES;
				CLANG_WARN_INFINITE_RECURSION = YES;
				CLANG_WARN_INT_CONVERSION = YES;
				CLANG_WARN_OBJC_ROOT_CLASS = YES_ERROR;
				CLANG_WARN_SUSPICIOUS_MOVE = YES;
				CLANG_WARN_UNREACHABLE_CODE = YES;
				CLANG_WARN__DUPLICATE_METHOD_MATCH = YES;
				"CODE_SIGN_IDENTITY[sdk=iphoneos*]" = "iPhone Developer";
				COPY_PHASE_STRIP = YES;
				ENABLE_NS_ASSERTIONS = NO;
				ENABLE_STRICT_OBJC_MSGSEND = YES;
				GCC_C_LANGUAGE_STANDARD = gnu99;
				GCC_NO_COMMON_BLOCKS = YES;
				GCC_WARN_64_TO_32_BIT_CONVERSION = YES;
				GCC_WARN_ABOUT_RETURN_TYPE = YES_ERROR;
				GCC_WARN_UNDECLARED_SELECTOR = YES;
				GCC_WARN_UNINITIALIZED_AUTOS = YES_AGGRESSIVE;
				GCC_WARN_UNUSED_FUNCTION = YES;
				GCC_WARN_UNUSED_VARIABLE = YES;
				IPHONEOS_DEPLOYMENT_TARGET = 9.0;
				MTL_ENABLE_DEBUG_INFO = NO;
				OTHER_SWIFT_FLAGS = "";
				SDKROOT = iphoneos;
				TARGETED_DEVICE_FAMILY = "1,2";
				URL_HOST = "https://apple.com";
				VALIDATE_PRODUCT = YES;
			};
			name = AppStore;
		};
		E736C5DF1A25320400B8986E /* AppStore */ = {
			isa = XCBuildConfiguration;
			baseConfigurationReference = 7265E86CE01EF7DA557D0DE4 /* Pods-boilerplate.appstore.xcconfig */;
			buildSettings = {
				ALWAYS_EMBED_SWIFT_STANDARD_LIBRARIES = YES;
				ASSETCATALOG_COMPILER_APPICON_NAME = AppIcon;
				BUNDLE_DISPLAY_NAME = boilerplate;
				CODE_SIGN_IDENTITY = "iPhone Developer";
				"CODE_SIGN_IDENTITY[sdk=iphoneos*]" = "iPhone Developer";
				DEFINES_MODULE = YES;
				DEVELOPMENT_TEAM = "";
				ENABLE_BITCODE = NO;
				ENABLE_TESTABILITY = YES;
				FRAMEWORK_SEARCH_PATHS = (
					"$(inherited)",
					"$(PROJECT_DIR)",
					"$(DEVELOPER_FRAMEWORKS_DIR)",
				);
				GCC_PREPROCESSOR_DEFINITIONS = "$(inherited)";
				HEADER_SEARCH_PATHS = (
					"$(inherited)",
					"\"${PODS_ROOT}/Firebase/Core/Sources\"",
					"\"${PODS_ROOT}/Headers/Public\"",
					"\"${PODS_ROOT}/Headers/Public/!ProtoCompiler\"",
					"\"${PODS_ROOT}/Headers/Public/!ProtoCompiler-gRPCPlugin\"",
					"\"${PODS_ROOT}/Headers/Public/Firebase\"",
					"\"${PODS_ROOT}/Headers/Public/FirebaseAnalytics\"",
					"\"${PODS_ROOT}/Headers/Public/FirebaseAuth\"",
					"\"${PODS_ROOT}/Headers/Public/FirebaseCore\"",
					"\"${PODS_ROOT}/Headers/Public/FirebaseDatabase\"",
					"\"${PODS_ROOT}/Headers/Public/FirebaseInstanceID\"",
					"\"${PODS_ROOT}/Headers/Public/FirebaseStorage\"",
					"\"${PODS_ROOT}/Headers/Public/FirebaseUI\"",
					"\"${PODS_ROOT}/Headers/Public/GoogleAppUtilities\"",
					"\"${PODS_ROOT}/Headers/Public/GoogleAuthUtilities\"",
					"\"${PODS_ROOT}/Headers/Public/GoogleInterchangeUtilities\"",
					"\"${PODS_ROOT}/Headers/Public/GoogleNetworkingUtilities\"",
					"\"${PODS_ROOT}/Headers/Public/GoogleSignIn\"",
					"\"${PODS_ROOT}/Headers/Public/GoogleSymbolUtilities\"",
					"\"${PODS_ROOT}/Headers/Public/GoogleUtilities\"",
				);
				INFOPLIST_FILE = "$(SRCROOT)/boilerplate/Info.plist";
				IPHONEOS_DEPLOYMENT_TARGET = 9.0;
				LD_RUNPATH_SEARCH_PATHS = "$(inherited) @executable_path/Frameworks";
				OTHER_LDFLAGS = (
					"$(inherited)",
					"-ObjC",
					"-framework",
					"\"QuartzCore\"",
				);
				OTHER_SWIFT_FLAGS = "$(inherited)";
				PRODUCT_BUNDLE_IDENTIFIER = com.example.boilerplate;
				PRODUCT_NAME = boilerplate;
				PROVISIONING_PROFILE = "";
				SWIFT_INSTALL_OBJC_HEADER = YES;
				SWIFT_OBJC_BRIDGING_HEADER = boilerplate/BridgeHeader.h;
				SWIFT_OPTIMIZATION_LEVEL = "-Owholemodule";
				SWIFT_VERSION = 3.0;
				TARGETED_DEVICE_FAMILY = 1;
				VALID_ARCHS = arm64;
			};
			name = AppStore;
		};
		E790DB001CA4DCF000ADD182 /* Debug */ = {
			isa = XCBuildConfiguration;
			baseConfigurationReference = 236A46CC7159DD14F6B13E68 /* Pods-tests-boilerplateTests.debug.xcconfig */;
			buildSettings = {
				ALWAYS_EMBED_SWIFT_STANDARD_LIBRARIES = YES;
				BUNDLE_LOADER = "$(TEST_HOST)";
				CLANG_ANALYZER_NONNULL = YES;
				DEBUG_INFORMATION_FORMAT = dwarf;
				ENABLE_TESTABILITY = YES;
				FRAMEWORK_SEARCH_PATHS = (
					"$(inherited)",
					"$(PROJECT_DIR)/boilerplate/frameworks",
				);
				GCC_NO_COMMON_BLOCKS = YES;
				GCC_PREPROCESSOR_DEFINITIONS = (
					"DEBUG=1",
					"$(inherited)",
					"GPB_USE_PROTOBUF_FRAMEWORK_IMPORTS=1",
				);
				HEADER_SEARCH_PATHS = (
					"$(inherited)",
					"\"${PODS_ROOT}/Firebase/Core/Sources\"",
					"\"${PODS_ROOT}/Headers/Public/Firebase\"",
					"\"${PODS_ROOT}/Headers/Public/FirebaseAnalytics\"",
					"\"${PODS_ROOT}/Headers/Public/FirebaseAuth\"",
					"\"${PODS_ROOT}/Headers/Public/FirebaseDatabase\"",
					"\"${PODS_ROOT}/Headers/Public/FirebaseInstanceID\"",
					"\"${PODS_ROOT}/Headers/Public/FirebaseStorage\"",
					"\"${PODS_ROOT}/Headers/Public/FirebaseUI\"",
					"\"${PODS_ROOT}/Headers/Public/GGLInstanceID\"",
					"\"${PODS_ROOT}/Headers/Public/Google\"",
					"\"${PODS_ROOT}/Headers/Public/GoogleCloudMessaging\"",
					"\"${PODS_ROOT}/Headers/Public/GoogleIPhoneUtilities\"",
					"\"${PODS_ROOT}/Headers/Public/GoogleInterchangeUtilities\"",
					"\"${PODS_ROOT}/Headers/Public/GoogleNetworkingUtilities\"",
					"\"${PODS_ROOT}/Headers/Public/GoogleSymbolUtilities\"",
					"\"${PODS_ROOT}/Headers/Public/GoogleUtilities\"",
				);
				INFOPLIST_FILE = boilerplateTests/Info.plist;
				IPHONEOS_DEPLOYMENT_TARGET = 9.3;
				LD_RUNPATH_SEARCH_PATHS = "$(inherited) @executable_path/Frameworks @loader_path/Frameworks";
				PRODUCT_BUNDLE_IDENTIFIER = boilerplateTests;
				PRODUCT_MODULE_NAME = boilerplateTests;
				PRODUCT_NAME = boilerplate;
				SWIFT_VERSION = 3.0;
				TEST_HOST = "$(BUILT_PRODUCTS_DIR)/boilateplate.app/boilateplate";
			};
			name = Debug;
		};
		E790DB011CA4DCF000ADD182 /* AppStore Debug */ = {
			isa = XCBuildConfiguration;
			baseConfigurationReference = 8EA8F7BECCF63C3C09B963F2 /* Pods-tests-boilerplateTests.appstore debug.xcconfig */;
			buildSettings = {
				ALWAYS_EMBED_SWIFT_STANDARD_LIBRARIES = YES;
				BUNDLE_LOADER = "$(TEST_HOST)";
				CLANG_ANALYZER_NONNULL = YES;
				COPY_PHASE_STRIP = NO;
				DEBUG_INFORMATION_FORMAT = "dwarf-with-dsym";
				FRAMEWORK_SEARCH_PATHS = (
					"$(inherited)",
					"$(PROJECT_DIR)/boilerplate/frameworks",
				);
				GCC_NO_COMMON_BLOCKS = YES;
				GCC_PREPROCESSOR_DEFINITIONS = (
					"$(inherited)",
					"COCOAPODS=1",
					"GPB_USE_PROTOBUF_FRAMEWORK_IMPORTS=1",
				);
				HEADER_SEARCH_PATHS = (
					"$(inherited)",
					"\"${PODS_ROOT}/Firebase/Core/Sources\"",
					"\"${PODS_ROOT}/Headers/Public/Firebase\"",
					"\"${PODS_ROOT}/Headers/Public/FirebaseAnalytics\"",
					"\"${PODS_ROOT}/Headers/Public/FirebaseAuth\"",
					"\"${PODS_ROOT}/Headers/Public/FirebaseDatabase\"",
					"\"${PODS_ROOT}/Headers/Public/FirebaseInstanceID\"",
					"\"${PODS_ROOT}/Headers/Public/FirebaseStorage\"",
					"\"${PODS_ROOT}/Headers/Public/FirebaseUI\"",
					"\"${PODS_ROOT}/Headers/Public/GGLInstanceID\"",
					"\"${PODS_ROOT}/Headers/Public/Google\"",
					"\"${PODS_ROOT}/Headers/Public/GoogleCloudMessaging\"",
					"\"${PODS_ROOT}/Headers/Public/GoogleIPhoneUtilities\"",
					"\"${PODS_ROOT}/Headers/Public/GoogleInterchangeUtilities\"",
					"\"${PODS_ROOT}/Headers/Public/GoogleNetworkingUtilities\"",
					"\"${PODS_ROOT}/Headers/Public/GoogleSymbolUtilities\"",
					"\"${PODS_ROOT}/Headers/Public/GoogleUtilities\"",
				);
				INFOPLIST_FILE = boilerplateTests/Info.plist;
				IPHONEOS_DEPLOYMENT_TARGET = 9.3;
				LD_RUNPATH_SEARCH_PATHS = "$(inherited) @executable_path/Frameworks @loader_path/Frameworks";
				PRODUCT_BUNDLE_IDENTIFIER = boilerplateTests;
				PRODUCT_MODULE_NAME = boilerplateTests;
				PRODUCT_NAME = boilerplate;
				SWIFT_VERSION = 3.0;
				TEST_HOST = "$(BUILT_PRODUCTS_DIR)/boilateplate.app/boilateplate";
			};
			name = "AppStore Debug";
		};
		E790DB021CA4DCF000ADD182 /* Debug Staging */ = {
			isa = XCBuildConfiguration;
			baseConfigurationReference = A5CB9A0359B3EF9EF4AB10CD /* Pods-tests-boilerplateTests.debug staging.xcconfig */;
			buildSettings = {
				ALWAYS_EMBED_SWIFT_STANDARD_LIBRARIES = YES;
				BUNDLE_LOADER = "$(TEST_HOST)";
				CLANG_ANALYZER_NONNULL = YES;
				DEBUG_INFORMATION_FORMAT = dwarf;
				ENABLE_TESTABILITY = YES;
				FRAMEWORK_SEARCH_PATHS = (
					"$(inherited)",
					"$(PROJECT_DIR)/boilerplate/frameworks",
				);
				GCC_NO_COMMON_BLOCKS = YES;
				GCC_PREPROCESSOR_DEFINITIONS = (
					"DEBUG=1",
					"$(inherited)",
					"GPB_USE_PROTOBUF_FRAMEWORK_IMPORTS=1",
				);
				HEADER_SEARCH_PATHS = (
					"$(inherited)",
					"\"${PODS_ROOT}/Firebase/Core/Sources\"",
					"\"${PODS_ROOT}/Headers/Public/Firebase\"",
					"\"${PODS_ROOT}/Headers/Public/FirebaseAnalytics\"",
					"\"${PODS_ROOT}/Headers/Public/FirebaseAuth\"",
					"\"${PODS_ROOT}/Headers/Public/FirebaseDatabase\"",
					"\"${PODS_ROOT}/Headers/Public/FirebaseInstanceID\"",
					"\"${PODS_ROOT}/Headers/Public/FirebaseStorage\"",
					"\"${PODS_ROOT}/Headers/Public/FirebaseUI\"",
					"\"${PODS_ROOT}/Headers/Public/GGLInstanceID\"",
					"\"${PODS_ROOT}/Headers/Public/Google\"",
					"\"${PODS_ROOT}/Headers/Public/GoogleCloudMessaging\"",
					"\"${PODS_ROOT}/Headers/Public/GoogleIPhoneUtilities\"",
					"\"${PODS_ROOT}/Headers/Public/GoogleInterchangeUtilities\"",
					"\"${PODS_ROOT}/Headers/Public/GoogleNetworkingUtilities\"",
					"\"${PODS_ROOT}/Headers/Public/GoogleSymbolUtilities\"",
					"\"${PODS_ROOT}/Headers/Public/GoogleUtilities\"",
				);
				INFOPLIST_FILE = boilerplateTests/Info.plist;
				IPHONEOS_DEPLOYMENT_TARGET = 9.3;
				LD_RUNPATH_SEARCH_PATHS = "$(inherited) @executable_path/Frameworks @loader_path/Frameworks";
				PRODUCT_BUNDLE_IDENTIFIER = boilerplateTests;
				PRODUCT_MODULE_NAME = boilerplateTests;
				PRODUCT_NAME = boilerplate;
				SWIFT_VERSION = 3.0;
				TEST_HOST = "$(BUILT_PRODUCTS_DIR)/boilateplate.app/boilateplate";
			};
			name = "Debug Staging";
		};
		E790DB031CA4DCF000ADD182 /* Release */ = {
			isa = XCBuildConfiguration;
			baseConfigurationReference = 491D4DBB276156F3FF8BD736 /* Pods-tests-boilerplateTests.release.xcconfig */;
			buildSettings = {
				ALWAYS_EMBED_SWIFT_STANDARD_LIBRARIES = YES;
				BUNDLE_LOADER = "$(TEST_HOST)";
				CLANG_ANALYZER_NONNULL = YES;
				COPY_PHASE_STRIP = NO;
				DEBUG_INFORMATION_FORMAT = "dwarf-with-dsym";
				FRAMEWORK_SEARCH_PATHS = (
					"$(inherited)",
					"$(PROJECT_DIR)/boilerplate/frameworks",
				);
				GCC_NO_COMMON_BLOCKS = YES;
				GCC_PREPROCESSOR_DEFINITIONS = (
					"$(inherited)",
					"COCOAPODS=1",
					"GPB_USE_PROTOBUF_FRAMEWORK_IMPORTS=1",
				);
				HEADER_SEARCH_PATHS = (
					"$(inherited)",
					"\"${PODS_ROOT}/Firebase/Core/Sources\"",
					"\"${PODS_ROOT}/Headers/Public/Firebase\"",
					"\"${PODS_ROOT}/Headers/Public/FirebaseAnalytics\"",
					"\"${PODS_ROOT}/Headers/Public/FirebaseAuth\"",
					"\"${PODS_ROOT}/Headers/Public/FirebaseDatabase\"",
					"\"${PODS_ROOT}/Headers/Public/FirebaseInstanceID\"",
					"\"${PODS_ROOT}/Headers/Public/FirebaseStorage\"",
					"\"${PODS_ROOT}/Headers/Public/FirebaseUI\"",
					"\"${PODS_ROOT}/Headers/Public/GGLInstanceID\"",
					"\"${PODS_ROOT}/Headers/Public/Google\"",
					"\"${PODS_ROOT}/Headers/Public/GoogleCloudMessaging\"",
					"\"${PODS_ROOT}/Headers/Public/GoogleIPhoneUtilities\"",
					"\"${PODS_ROOT}/Headers/Public/GoogleInterchangeUtilities\"",
					"\"${PODS_ROOT}/Headers/Public/GoogleNetworkingUtilities\"",
					"\"${PODS_ROOT}/Headers/Public/GoogleSymbolUtilities\"",
					"\"${PODS_ROOT}/Headers/Public/GoogleUtilities\"",
				);
				INFOPLIST_FILE = boilerplateTests/Info.plist;
				IPHONEOS_DEPLOYMENT_TARGET = 9.3;
				LD_RUNPATH_SEARCH_PATHS = "$(inherited) @executable_path/Frameworks @loader_path/Frameworks";
				PRODUCT_BUNDLE_IDENTIFIER = boilerplateTests;
				PRODUCT_MODULE_NAME = boilerplateTests;
				PRODUCT_NAME = boilerplate;
				SWIFT_VERSION = 3.0;
				TEST_HOST = "$(BUILT_PRODUCTS_DIR)/boilateplate.app/boilateplate";
			};
			name = Release;
		};
		E790DB041CA4DCF000ADD182 /* Test */ = {
			isa = XCBuildConfiguration;
			baseConfigurationReference = A59E557A15A2D6776685200B /* Pods-tests-boilerplateTests.test.xcconfig */;
			buildSettings = {
				ALWAYS_EMBED_SWIFT_STANDARD_LIBRARIES = YES;
				BUNDLE_LOADER = "$(TEST_HOST)";
				CLANG_ANALYZER_NONNULL = YES;
				COPY_PHASE_STRIP = NO;
				DEBUG_INFORMATION_FORMAT = "dwarf-with-dsym";
				FRAMEWORK_SEARCH_PATHS = (
					"$(inherited)",
					"$(PROJECT_DIR)/boilerplate/frameworks",
				);
				GCC_NO_COMMON_BLOCKS = YES;
				GCC_PREPROCESSOR_DEFINITIONS = (
					"$(inherited)",
					"COCOAPODS=1",
					"GPB_USE_PROTOBUF_FRAMEWORK_IMPORTS=1",
				);
				HEADER_SEARCH_PATHS = (
					"$(inherited)",
					"\"${PODS_ROOT}/Firebase/Core/Sources\"",
					"\"${PODS_ROOT}/Headers/Public/Firebase\"",
					"\"${PODS_ROOT}/Headers/Public/FirebaseAnalytics\"",
					"\"${PODS_ROOT}/Headers/Public/FirebaseAuth\"",
					"\"${PODS_ROOT}/Headers/Public/FirebaseDatabase\"",
					"\"${PODS_ROOT}/Headers/Public/FirebaseInstanceID\"",
					"\"${PODS_ROOT}/Headers/Public/FirebaseStorage\"",
					"\"${PODS_ROOT}/Headers/Public/FirebaseUI\"",
					"\"${PODS_ROOT}/Headers/Public/GGLInstanceID\"",
					"\"${PODS_ROOT}/Headers/Public/Google\"",
					"\"${PODS_ROOT}/Headers/Public/GoogleCloudMessaging\"",
					"\"${PODS_ROOT}/Headers/Public/GoogleIPhoneUtilities\"",
					"\"${PODS_ROOT}/Headers/Public/GoogleInterchangeUtilities\"",
					"\"${PODS_ROOT}/Headers/Public/GoogleNetworkingUtilities\"",
					"\"${PODS_ROOT}/Headers/Public/GoogleSymbolUtilities\"",
					"\"${PODS_ROOT}/Headers/Public/GoogleUtilities\"",
				);
				INFOPLIST_FILE = boilerplateTests/Info.plist;
				IPHONEOS_DEPLOYMENT_TARGET = 9.3;
				LD_RUNPATH_SEARCH_PATHS = "$(inherited) @executable_path/Frameworks @loader_path/Frameworks";
				ONLY_ACTIVE_ARCH = YES;
				PRODUCT_BUNDLE_IDENTIFIER = boilerplateTests;
				PRODUCT_MODULE_NAME = boilerplateTests;
				PRODUCT_NAME = boilerplate;
				SWIFT_VERSION = 3.0;
				TEST_HOST = "$(BUILT_PRODUCTS_DIR)/boilateplate.app/boilateplate";
			};
			name = Test;
		};
		E790DB051CA4DCF000ADD182 /* AppStore */ = {
			isa = XCBuildConfiguration;
			baseConfigurationReference = 2D7DF5B2824A0038CC2373D7 /* Pods-tests-boilerplateTests.appstore.xcconfig */;
			buildSettings = {
				ALWAYS_EMBED_SWIFT_STANDARD_LIBRARIES = YES;
				BUNDLE_LOADER = "$(TEST_HOST)";
				CLANG_ANALYZER_NONNULL = YES;
				COPY_PHASE_STRIP = NO;
				DEBUG_INFORMATION_FORMAT = "dwarf-with-dsym";
				FRAMEWORK_SEARCH_PATHS = (
					"$(inherited)",
					"$(PROJECT_DIR)/boilerplate/frameworks",
				);
				GCC_NO_COMMON_BLOCKS = YES;
				GCC_PREPROCESSOR_DEFINITIONS = (
					"$(inherited)",
					"COCOAPODS=1",
					"GPB_USE_PROTOBUF_FRAMEWORK_IMPORTS=1",
				);
				HEADER_SEARCH_PATHS = (
					"$(inherited)",
					"\"${PODS_ROOT}/Firebase/Core/Sources\"",
					"\"${PODS_ROOT}/Headers/Public/Firebase\"",
					"\"${PODS_ROOT}/Headers/Public/FirebaseAnalytics\"",
					"\"${PODS_ROOT}/Headers/Public/FirebaseAuth\"",
					"\"${PODS_ROOT}/Headers/Public/FirebaseDatabase\"",
					"\"${PODS_ROOT}/Headers/Public/FirebaseInstanceID\"",
					"\"${PODS_ROOT}/Headers/Public/FirebaseStorage\"",
					"\"${PODS_ROOT}/Headers/Public/FirebaseUI\"",
					"\"${PODS_ROOT}/Headers/Public/GGLInstanceID\"",
					"\"${PODS_ROOT}/Headers/Public/Google\"",
					"\"${PODS_ROOT}/Headers/Public/GoogleCloudMessaging\"",
					"\"${PODS_ROOT}/Headers/Public/GoogleIPhoneUtilities\"",
					"\"${PODS_ROOT}/Headers/Public/GoogleInterchangeUtilities\"",
					"\"${PODS_ROOT}/Headers/Public/GoogleNetworkingUtilities\"",
					"\"${PODS_ROOT}/Headers/Public/GoogleSymbolUtilities\"",
					"\"${PODS_ROOT}/Headers/Public/GoogleUtilities\"",
				);
				INFOPLIST_FILE = boilerplateTests/Info.plist;
				IPHONEOS_DEPLOYMENT_TARGET = 9.3;
				LD_RUNPATH_SEARCH_PATHS = "$(inherited) @executable_path/Frameworks @loader_path/Frameworks";
				PRODUCT_BUNDLE_IDENTIFIER = boilerplateTests;
				PRODUCT_MODULE_NAME = boilerplateTests;
				PRODUCT_NAME = boilerplate;
				SWIFT_VERSION = 3.0;
				TEST_HOST = "$(BUILT_PRODUCTS_DIR)/boilateplate.app/boilateplate";
			};
			name = AppStore;
		};
		E790DB061CA4DCF000ADD182 /* Release Staging */ = {
			isa = XCBuildConfiguration;
			baseConfigurationReference = 9450EFF71DCF6E0ACF726B4A /* Pods-tests-boilerplateTests.release staging.xcconfig */;
			buildSettings = {
				ALWAYS_EMBED_SWIFT_STANDARD_LIBRARIES = YES;
				BUNDLE_LOADER = "$(TEST_HOST)";
				CLANG_ANALYZER_NONNULL = YES;
				COPY_PHASE_STRIP = NO;
				DEBUG_INFORMATION_FORMAT = "dwarf-with-dsym";
				FRAMEWORK_SEARCH_PATHS = (
					"$(inherited)",
					"$(PROJECT_DIR)/boilerplate/frameworks",
				);
				GCC_NO_COMMON_BLOCKS = YES;
				GCC_PREPROCESSOR_DEFINITIONS = (
					"$(inherited)",
					"COCOAPODS=1",
					"GPB_USE_PROTOBUF_FRAMEWORK_IMPORTS=1",
				);
				HEADER_SEARCH_PATHS = (
					"$(inherited)",
					"\"${PODS_ROOT}/Firebase/Core/Sources\"",
					"\"${PODS_ROOT}/Headers/Public/Firebase\"",
					"\"${PODS_ROOT}/Headers/Public/FirebaseAnalytics\"",
					"\"${PODS_ROOT}/Headers/Public/FirebaseAuth\"",
					"\"${PODS_ROOT}/Headers/Public/FirebaseDatabase\"",
					"\"${PODS_ROOT}/Headers/Public/FirebaseInstanceID\"",
					"\"${PODS_ROOT}/Headers/Public/FirebaseStorage\"",
					"\"${PODS_ROOT}/Headers/Public/FirebaseUI\"",
					"\"${PODS_ROOT}/Headers/Public/GGLInstanceID\"",
					"\"${PODS_ROOT}/Headers/Public/Google\"",
					"\"${PODS_ROOT}/Headers/Public/GoogleCloudMessaging\"",
					"\"${PODS_ROOT}/Headers/Public/GoogleIPhoneUtilities\"",
					"\"${PODS_ROOT}/Headers/Public/GoogleInterchangeUtilities\"",
					"\"${PODS_ROOT}/Headers/Public/GoogleNetworkingUtilities\"",
					"\"${PODS_ROOT}/Headers/Public/GoogleSymbolUtilities\"",
					"\"${PODS_ROOT}/Headers/Public/GoogleUtilities\"",
				);
				INFOPLIST_FILE = boilerplateTests/Info.plist;
				IPHONEOS_DEPLOYMENT_TARGET = 9.3;
				LD_RUNPATH_SEARCH_PATHS = "$(inherited) @executable_path/Frameworks @loader_path/Frameworks";
				PRODUCT_BUNDLE_IDENTIFIER = boilerplateTests;
				PRODUCT_MODULE_NAME = boilerplateTests;
				PRODUCT_NAME = boilerplate;
				SWIFT_VERSION = 3.0;
				TEST_HOST = "$(BUILT_PRODUCTS_DIR)/boilateplate.app/boilateplate";
			};
			name = "Release Staging";
		};
		E790DB071CA4DCF000ADD182 /* Test Staging */ = {
			isa = XCBuildConfiguration;
			baseConfigurationReference = 384AF887912BA2AA22794839 /* Pods-tests-boilerplateTests.test staging.xcconfig */;
			buildSettings = {
				ALWAYS_EMBED_SWIFT_STANDARD_LIBRARIES = YES;
				BUNDLE_LOADER = "$(TEST_HOST)";
				CLANG_ANALYZER_NONNULL = YES;
				COPY_PHASE_STRIP = NO;
				DEBUG_INFORMATION_FORMAT = "dwarf-with-dsym";
				FRAMEWORK_SEARCH_PATHS = (
					"$(inherited)",
					"$(PROJECT_DIR)/boilerplate/frameworks",
				);
				GCC_NO_COMMON_BLOCKS = YES;
				GCC_PREPROCESSOR_DEFINITIONS = (
					"$(inherited)",
					"COCOAPODS=1",
					"GPB_USE_PROTOBUF_FRAMEWORK_IMPORTS=1",
				);
				HEADER_SEARCH_PATHS = (
					"$(inherited)",
					"\"${PODS_ROOT}/Firebase/Core/Sources\"",
					"\"${PODS_ROOT}/Headers/Public/Firebase\"",
					"\"${PODS_ROOT}/Headers/Public/FirebaseAnalytics\"",
					"\"${PODS_ROOT}/Headers/Public/FirebaseAuth\"",
					"\"${PODS_ROOT}/Headers/Public/FirebaseDatabase\"",
					"\"${PODS_ROOT}/Headers/Public/FirebaseInstanceID\"",
					"\"${PODS_ROOT}/Headers/Public/FirebaseStorage\"",
					"\"${PODS_ROOT}/Headers/Public/FirebaseUI\"",
					"\"${PODS_ROOT}/Headers/Public/GGLInstanceID\"",
					"\"${PODS_ROOT}/Headers/Public/Google\"",
					"\"${PODS_ROOT}/Headers/Public/GoogleCloudMessaging\"",
					"\"${PODS_ROOT}/Headers/Public/GoogleIPhoneUtilities\"",
					"\"${PODS_ROOT}/Headers/Public/GoogleInterchangeUtilities\"",
					"\"${PODS_ROOT}/Headers/Public/GoogleNetworkingUtilities\"",
					"\"${PODS_ROOT}/Headers/Public/GoogleSymbolUtilities\"",
					"\"${PODS_ROOT}/Headers/Public/GoogleUtilities\"",
				);
				INFOPLIST_FILE = boilerplateTests/Info.plist;
				IPHONEOS_DEPLOYMENT_TARGET = 9.3;
				LD_RUNPATH_SEARCH_PATHS = "$(inherited) @executable_path/Frameworks @loader_path/Frameworks";
				ONLY_ACTIVE_ARCH = YES;
				PRODUCT_BUNDLE_IDENTIFIER = boilerplateTests;
				PRODUCT_MODULE_NAME = boilerplateTests;
				PRODUCT_NAME = boilerplate;
				SWIFT_VERSION = 3.0;
				TEST_HOST = "$(BUILT_PRODUCTS_DIR)/boilateplate.app/boilateplate";
			};
			name = "Test Staging";
		};
/* End XCBuildConfiguration section */

/* Begin XCConfigurationList section */
		21DB300A19DD2289003A418D /* Build configuration list for PBXProject "iOSBoilerplate" */ = {
			isa = XCConfigurationList;
			buildConfigurations = (
				21DB302F19DD2289003A418D /* Debug */,
				212D01851BB1981C00B34340 /* AppStore Debug */,
				21DB304C19DD3B30003A418D /* Debug Staging */,
				21DB303019DD2289003A418D /* Release */,
				212D01811BB1978500B34340 /* Test */,
				E736C5DE1A25320400B8986E /* AppStore */,
				21DB304F19DD3B48003A418D /* Release Staging */,
				212D01831BB1978B00B34340 /* Test Staging */,
			);
			defaultConfigurationIsVisible = 0;
			defaultConfigurationName = Release;
		};
		21DB303119DD2289003A418D /* Build configuration list for PBXNativeTarget "boilerplate" */ = {
			isa = XCConfigurationList;
			buildConfigurations = (
				21DB303219DD2289003A418D /* Debug */,
				212D01861BB1981C00B34340 /* AppStore Debug */,
				21DB304D19DD3B30003A418D /* Debug Staging */,
				21DB303319DD2289003A418D /* Release */,
				212D01821BB1978500B34340 /* Test */,
				E736C5DF1A25320400B8986E /* AppStore */,
				21DB305019DD3B48003A418D /* Release Staging */,
				212D01841BB1978B00B34340 /* Test Staging */,
			);
			defaultConfigurationIsVisible = 0;
			defaultConfigurationName = Release;
		};
		E790DB081CA4DCF000ADD182 /* Build configuration list for PBXNativeTarget "boilerplateTests" */ = {
			isa = XCConfigurationList;
			buildConfigurations = (
				E790DB001CA4DCF000ADD182 /* Debug */,
				E790DB011CA4DCF000ADD182 /* AppStore Debug */,
				E790DB021CA4DCF000ADD182 /* Debug Staging */,
				E790DB031CA4DCF000ADD182 /* Release */,
				E790DB041CA4DCF000ADD182 /* Test */,
				E790DB051CA4DCF000ADD182 /* AppStore */,
				E790DB061CA4DCF000ADD182 /* Release Staging */,
				E790DB071CA4DCF000ADD182 /* Test Staging */,
			);
			defaultConfigurationIsVisible = 0;
			defaultConfigurationName = Release;
		};
/* End XCConfigurationList section */
	};
	rootObject = 21DB300719DD2289003A418D /* Project object */;
}
